// !$*UTF8*$!
{
	archiveVersion = 1;
	classes = {
	};
	objectVersion = 77;
	objects = {

/* Begin PBXBuildFile section */
		61F8BA032FA19C490061EA46 /* FirebaseAnalytics in Frameworks */ = {isa = PBXBuildFile; productRef = 61F8BA022FA19C490061EA46 /* FirebaseAnalytics */; };
		61F8BA052FA19C490061EA46 /* FirebaseCore in Frameworks */ = {isa = PBXBuildFile; productRef = 61F8BA042FA19C490061EA46 /* FirebaseCore */; };
		61F8BA072FA19C490061EA46 /* FirebaseCrashlytics in Frameworks */ = {isa = PBXBuildFile; productRef = 61F8BA062FA19C490061EA46 /* FirebaseCrashlytics */; };
		61F8BA092FA19C490061EA46 /* FirebaseFirestore in Frameworks */ = {isa = PBXBuildFile; productRef = 61F8BA082FA19C490061EA46 /* FirebaseFirestore */; };
		61F8BA0B2FA19C490061EA46 /* FirebaseFunctions in Frameworks */ = {isa = PBXBuildFile; productRef = 61F8BA0A2FA19C490061EA46 /* FirebaseFunctions */; };
/* End PBXBuildFile section */

/* Begin PBXContainerItemProxy section */
		61A7898F2F9F3DA300F135BB /* PBXContainerItemProxy */ = {
			isa = PBXContainerItemProxy;
			containerPortal = 61A789772F9F3DA000F135BB /* Project object */;
			proxyType = 1;
			remoteGlobalIDString = 61A7897E2F9F3DA000F135BB;
			remoteInfo = SNUECafeteriaProject;
		};
		61A789992F9F3DA300F135BB /* PBXContainerItemProxy */ = {
			isa = PBXContainerItemProxy;
			containerPortal = 61A789772F9F3DA000F135BB /* Project object */;
			proxyType = 1;
			remoteGlobalIDString = 61A7897E2F9F3DA000F135BB;
			remoteInfo = SNUECafeteriaProject;
		};
/* End PBXContainerItemProxy section */

/* Begin PBXFileReference section */
		61A7897F2F9F3DA000F135BB /* SNUECafeteriaProject.app */ = {isa = PBXFileReference; explicitFileType = wrapper.application; includeInIndex = 0; path = SNUECafeteriaProject.app; sourceTree = BUILT_PRODUCTS_DIR; };
		61A7898E2F9F3DA300F135BB /* SNUECafeteriaProjectTests.xctest */ = {isa = PBXFileReference; explicitFileType = wrapper.cfbundle; includeInIndex = 0; path = SNUECafeteriaProjectTests.xctest; sourceTree = BUILT_PRODUCTS_DIR; };
		61A789982F9F3DA300F135BB /* SNUECafeteriaProjectUITests.xctest */ = {isa = PBXFileReference; explicitFileType = wrapper.cfbundle; includeInIndex = 0; path = SNUECafeteriaProjectUITests.xctest; sourceTree = BUILT_PRODUCTS_DIR; };
/* End PBXFileReference section */

/* Begin PBXFileSystemSynchronizedBuildFileExceptionSet section */
		61A789BE2F9F43F700F135BB /* Exceptions for "SNUECafeteriaProject" folder in "SNUECafeteriaProject" target */ = {
			isa = PBXFileSystemSynchronizedBuildFileExceptionSet;
			membershipExceptions = (
				Info.plist,
			);
			target = 61A7897E2F9F3DA000F135BB /* SNUECafeteriaProject */;
		};
/* End PBXFileSystemSynchronizedBuildFileExceptionSet section */

/* Begin PBXFileSystemSynchronizedRootGroup section */
		61A789812F9F3DA000F135BB /* SNUECafeteriaProject */ = {
			isa = PBXFileSystemSynchronizedRootGroup;
			exceptions = (
				61A789BE2F9F43F700F135BB /* Exceptions for "SNUECafeteriaProject" folder in "SNUECafeteriaProject" target */,
			);
			path = SNUECafeteriaProject;
			sourceTree = "<group>";
		};
		61A789912F9F3DA300F135BB /* SNUECafeteriaProjectTests */ = {
			isa = PBXFileSystemSynchronizedRootGroup;
			path = SNUECafeteriaProjectTests;
			sourceTree = "<group>";
		};
		61A7899B2F9F3DA300F135BB /* SNUECafeteriaProjectUITests */ = {
			isa = PBXFileSystemSynchronizedRootGroup;
			path = SNUECafeteriaProjectUITests;
			sourceTree = "<group>";
		};
/* End PBXFileSystemSynchronizedRootGroup section */

/* Begin PBXFrameworksBuildPhase section */
		61A7897C2F9F3DA000F135BB /* Frameworks */ = {
			isa = PBXFrameworksBuildPhase;
			buildActionMask = 2147483647;
			files = (
				61F8BA072FA19C490061EA46 /* FirebaseCrashlytics in Frameworks */,
				61F8BA092FA19C490061EA46 /* FirebaseFirestore in Frameworks */,
				61F8BA0B2FA19C490061EA46 /* FirebaseFunctions in Frameworks */,
				61F8BA052FA19C490061EA46 /* FirebaseCore in Frameworks */,
				61F8BA032FA19C490061EA46 /* FirebaseAnalytics in Frameworks */,
			);
			runOnlyForDeploymentPostprocessing = 0;
		};
		61A7898B2F9F3DA200F135BB /* Frameworks */ = {
			isa = PBXFrameworksBuildPhase;
			buildActionMask = 2147483647;
			files = (
			);
			runOnlyForDeploymentPostprocessing = 0;
		};
		61A789952F9F3DA300F135BB /* Frameworks */ = {
			isa = PBXFrameworksBuildPhase;
			buildActionMask = 2147483647;
			files = (
			);
			runOnlyForDeploymentPostprocessing = 0;
		};
/* End PBXFrameworksBuildPhase section */

/* Begin PBXGroup section */
		61A789762F9F3DA000F135BB = {
			isa = PBXGroup;
			children = (
				61A789812F9F3DA000F135BB /* SNUECafeteriaProject */,
				61A789912F9F3DA300F135BB /* SNUECafeteriaProjectTests */,
				61A7899B2F9F3DA300F135BB /* SNUECafeteriaProjectUITests */,
				61A789802F9F3DA000F135BB /* Products */,
			);
			sourceTree = "<group>";
		};
		61A789802F9F3DA000F135BB /* Products */ = {
			isa = PBXGroup;
			children = (
				61A7897F2F9F3DA000F135BB /* SNUECafeteriaProject.app */,
				61A7898E2F9F3DA300F135BB /* SNUECafeteriaProjectTests.xctest */,
				61A789982F9F3DA300F135BB /* SNUECafeteriaProjectUITests.xctest */,
			);
			name = Products;
			sourceTree = "<group>";
		};
/* End PBXGroup section */

/* Begin PBXNativeTarget section */
		61A7897E2F9F3DA000F135BB /* SNUECafeteriaProject */ = {
			isa = PBXNativeTarget;
			buildConfigurationList = 61A789A22F9F3DA300F135BB /* Build configuration list for PBXNativeTarget "SNUECafeteriaProject" */;
			buildPhases = (
				61A7897B2F9F3DA000F135BB /* Sources */,
				61A7897C2F9F3DA000F135BB /* Frameworks */,
				61A7897D2F9F3DA000F135BB /* Resources */,
			);
			buildRules = (
			);
			dependencies = (
			);
			fileSystemSynchronizedGroups = (
				61A789812F9F3DA000F135BB /* SNUECafeteriaProject */,
			);
			name = SNUECafeteriaProject;
			packageProductDependencies = (
				61F8BA022FA19C490061EA46 /* FirebaseAnalytics */,
				61F8BA042FA19C490061EA46 /* FirebaseCore */,
				61F8BA062FA19C490061EA46 /* FirebaseCrashlytics */,
				61F8BA082FA19C490061EA46 /* FirebaseFirestore */,
				61F8BA0A2FA19C490061EA46 /* FirebaseFunctions */,
			);
			productName = SNUECafeteriaProject;
			productReference = 61A7897F2F9F3DA000F135BB /* SNUECafeteriaProject.app */;
			productType = "com.apple.product-type.application";
		};
		61A7898D2F9F3DA200F135BB /* SNUECafeteriaProjectTests */ = {
			isa = PBXNativeTarget;
			buildConfigurationList = 61A789A52F9F3DA300F135BB /* Build configuration list for PBXNativeTarget "SNUECafeteriaProjectTests" */;
			buildPhases = (
				61A7898A2F9F3DA200F135BB /* Sources */,
				61A7898B2F9F3DA200F135BB /* Frameworks */,
				61A7898C2F9F3DA200F135BB /* Resources */,
			);
			buildRules = (
			);
			dependencies = (
				61A789902F9F3DA300F135BB /* PBXTargetDependency */,
			);
			fileSystemSynchronizedGroups = (
				61A789912F9F3DA300F135BB /* SNUECafeteriaProjectTests */,
			);
			name = SNUECafeteriaProjectTests;
			packageProductDependencies = (
			);
			productName = SNUECafeteriaProjectTests;
			productReference = 61A7898E2F9F3DA300F135BB /* SNUECafeteriaProjectTests.xctest */;
			productType = "com.apple.product-type.bundle.unit-test";
		};
		61A789972F9F3DA300F135BB /* SNUECafeteriaProjectUITests */ = {
			isa = PBXNativeTarget;
			buildConfigurationList = 61A789A82F9F3DA300F135BB /* Build configuration list for PBXNativeTarget "SNUECafeteriaProjectUITests" */;
			buildPhases = (
				61A789942F9F3DA300F135BB /* Sources */,
				61A789952F9F3DA300F135BB /* Frameworks */,
				61A789962F9F3DA300F135BB /* Resources */,
			);
			buildRules = (
			);
			dependencies = (
				61A7899A2F9F3DA300F135BB /* PBXTargetDependency */,
			);
			fileSystemSynchronizedGroups = (
				61A7899B2F9F3DA300F135BB /* SNUECafeteriaProjectUITests */,
			);
			name = SNUECafeteriaProjectUITests;
			packageProductDependencies = (
			);
			productName = SNUECafeteriaProjectUITests;
			productReference = 61A789982F9F3DA300F135BB /* SNUECafeteriaProjectUITests.xctest */;
			productType = "com.apple.product-type.bundle.ui-testing";
		};
/* End PBXNativeTarget section */

/* Begin PBXProject section */
		61A789772F9F3DA000F135BB /* Project object */ = {
			isa = PBXProject;
			attributes = {
				BuildIndependentTargetsInParallel = 1;
				LastSwiftUpdateCheck = 2640;
				LastUpgradeCheck = 2640;
				TargetAttributes = {
					61A7897E2F9F3DA000F135BB = {
						CreatedOnToolsVersion = 26.4.1;
					};
					61A7898D2F9F3DA200F135BB = {
						CreatedOnToolsVersion = 26.4.1;
						TestTargetID = 61A7897E2F9F3DA000F135BB;
					};
					61A789972F9F3DA300F135BB = {
						CreatedOnToolsVersion = 26.4.1;
						TestTargetID = 61A7897E2F9F3DA000F135BB;
					};
				};
			};
			buildConfigurationList = 61A7897A2F9F3DA000F135BB /* Build configuration list for PBXProject "SNUECafeteriaProject" */;
			developmentRegion = en;
			hasScannedForEncodings = 0;
			knownRegions = (
				en,
				Base,
			);
			mainGroup = 61A789762F9F3DA000F135BB;
			minimizedProjectReferenceProxies = 1;
			packageReferences = (
				61F8BA012FA19C490061EA46 /* XCRemoteSwiftPackageReference "firebase-ios-sdk" */,
			);
			preferredProjectObjectVersion = 77;
			productRefGroup = 61A789802F9F3DA000F135BB /* Products */;
			projectDirPath = "";
			projectRoot = "";
			targets = (
				61A7897E2F9F3DA000F135BB /* SNUECafeteriaProject */,
				61A7898D2F9F3DA200F135BB /* SNUECafeteriaProjectTests */,
				61A789972F9F3DA300F135BB /* SNUECafeteriaProjectUITests */,
			);
		};
/* End PBXProject section */

/* Begin PBXResourcesBuildPhase section */
		61A7897D2F9F3DA000F135BB /* Resources */ = {
			isa = PBXResourcesBuildPhase;
			buildActionMask = 2147483647;
			files = (
			);
			runOnlyForDeploymentPostprocessing = 0;
		};
		61A7898C2F9F3DA200F135BB /* Resources */ = {
			isa = PBXResourcesBuildPhase;
			buildActionMask = 2147483647;
			files = (
			);
			runOnlyForDeploymentPostprocessing = 0;
		};
		61A789962F9F3DA300F135BB /* Resources */ = {
			isa = PBXResourcesBuildPhase;
			buildActionMask = 2147483647;
			files = (
			);
			runOnlyForDeploymentPostprocessing = 0;
		};
/* End PBXResourcesBuildPhase section */

/* Begin PBXSourcesBuildPhase section */
		61A7897B2F9F3DA000F135BB /* Sources */ = {
			isa = PBXSourcesBuildPhase;
			buildActionMask = 2147483647;
			files = (
			);
			runOnlyForDeploymentPostprocessing = 0;
		};
		61A7898A2F9F3DA200F135BB /* Sources */ = {
			isa = PBXSourcesBuildPhase;
			buildActionMask = 2147483647;
			files = (
			);
			runOnlyForDeploymentPostprocessing = 0;
		};
		61A789942F9F3DA300F135BB /* Sources */ = {
			isa = PBXSourcesBuildPhase;
			buildActionMask = 2147483647;
			files = (
			);
			runOnlyForDeploymentPostprocessing = 0;
		};
/* End PBXSourcesBuildPhase section */

/* Begin PBXTargetDependency section */
		61A789902F9F3DA300F135BB /* PBXTargetDependency */ = {
			isa = PBXTargetDependency;
			target = 61A7897E2F9F3DA000F135BB /* SNUECafeteriaProject */;
			targetProxy = 61A7898F2F9F3DA300F135BB /* PBXContainerItemProxy */;
		};
		61A7899A2F9F3DA300F135BB /* PBXTargetDependency */ = {
			isa = PBXTargetDependency;
			target = 61A7897E2F9F3DA000F135BB /* SNUECafeteriaProject */;
			targetProxy = 61A789992F9F3DA300F135BB /* PBXContainerItemProxy */;
		};
/* End PBXTargetDependency section */

/* Begin XCBuildConfiguration section */
		61A789A02F9F3DA300F135BB /* Debug */ = {
			isa = XCBuildConfiguration;
			buildSettings = {
				ALWAYS_SEARCH_USER_PATHS = NO;
				ASSETCATALOG_COMPILER_GENERATE_SWIFT_ASSET_SYMBOL_EXTENSIONS = YES;
				CLANG_ANALYZER_NONNULL = YES;
				CLANG_ANALYZER_NUMBER_OBJECT_CONVERSION = YES_AGGRESSIVE;
				CLANG_CXX_LANGUAGE_STANDARD = "gnu++20";
				CLANG_ENABLE_MODULES = YES;
				CLANG_ENABLE_OBJC_ARC = YES;
				CLANG_ENABLE_OBJC_WEAK = YES;
				CLANG_WARN_BLOCK_CAPTURE_AUTORELEASING = YES;
				CLANG_WARN_BOOL_CONVERSION = YES;
				CLANG_WARN_COMMA = YES;
				CLANG_WARN_CONSTANT_CONVERSION = YES;
				CLANG_WARN_DEPRECATED_OBJC_IMPLEMENTATIONS = YES;
				CLANG_WARN_DIRECT_OBJC_ISA_USAGE = YES_ERROR;
				CLANG_WARN_DOCUMENTATION_COMMENTS = YES;
				CLANG_WARN_EMPTY_BODY = YES;
				CLANG_WARN_ENUM_CONVERSION = YES;
				CLANG_WARN_INFINITE_RECURSION = YES;
				CLANG_WARN_INT_CONVERSION = YES;
				CLANG_WARN_NON_LITERAL_NULL_CONVERSION = YES;
				CLANG_WARN_OBJC_IMPLICIT_RETAIN_SELF = YES;
				CLANG_WARN_OBJC_LITERAL_CONVERSION = YES;
				CLANG_WARN_OBJC_ROOT_CLASS = YES_ERROR;
				CLANG_WARN_QUOTED_INCLUDE_IN_FRAMEWORK_HEADER = YES;
				CLANG_WARN_RANGE_LOOP_ANALYSIS = YES;
				CLANG_WARN_STRICT_PROTOTYPES = YES;
				CLANG_WARN_SUSPICIOUS_MOVE = YES;
				CLANG_WARN_UNGUARDED_AVAILABILITY = YES_AGGRESSIVE;
				CLANG_WARN_UNREACHABLE_CODE = YES;
				CLANG_WARN__DUPLICATE_METHOD_MATCH = YES;
				COPY_PHASE_STRIP = NO;
				DEBUG_INFORMATION_FORMAT = dwarf;
				DEVELOPMENT_TEAM = 44HRTG996V;
				ENABLE_STRICT_OBJC_MSGSEND = YES;
				ENABLE_TESTABILITY = YES;
				ENABLE_USER_SCRIPT_SANDBOXING = YES;
				GCC_C_LANGUAGE_STANDARD = gnu17;
				GCC_DYNAMIC_NO_PIC = NO;
				GCC_NO_COMMON_BLOCKS = YES;
				GCC_OPTIMIZATION_LEVEL = 0;
				GCC_PREPROCESSOR_DEFINITIONS = (
					"DEBUG=1",
					"$(inherited)",
				);
				GCC_WARN_64_TO_32_BIT_CONVERSION = YES;
				GCC_WARN_ABOUT_RETURN_TYPE = YES_ERROR;
				GCC_WARN_UNDECLARED_SELECTOR = YES;
				GCC_WARN_UNINITIALIZED_AUTOS = YES_AGGRESSIVE;
				GCC_WARN_UNUSED_FUNCTION = YES;
				GCC_WARN_UNUSED_VARIABLE = YES;
				IPHONEOS_DEPLOYMENT_TARGET = 26.4;
				LOCALIZATION_PREFERS_STRING_CATALOGS = YES;
				MTL_ENABLE_DEBUG_INFO = INCLUDE_SOURCE;
				MTL_FAST_MATH = YES;
				ONLY_ACTIVE_ARCH = YES;
				SDKROOT = iphoneos;
				SWIFT_ACTIVE_COMPILATION_CONDITIONS = "DEBUG $(inherited)";
				SWIFT_OPTIMIZATION_LEVEL = "-Onone";
			};
			name = Debug;
		};
		61A789A12F9F3DA300F135BB /* Release */ = {
			isa = XCBuildConfiguration;
			buildSettings = {
				ALWAYS_SEARCH_USER_PATHS = NO;
				ASSETCATALOG_COMPILER_GENERATE_SWIFT_ASSET_SYMBOL_EXTENSIONS = YES;
				CLANG_ANALYZER_NONNULL = YES;
				CLANG_ANALYZER_NUMBER_OBJECT_CONVERSION = YES_AGGRESSIVE;
				CLANG_CXX_LANGUAGE_STANDARD = "gnu++20";
				CLANG_ENABLE_MODULES = YES;
				CLANG_ENABLE_OBJC_ARC = YES;
				CLANG_ENABLE_OBJC_WEAK = YES;
				CLANG_WARN_BLOCK_CAPTURE_AUTORELEASING = YES;
				CLANG_WARN_BOOL_CONVERSION = YES;
				CLANG_WARN_COMMA = YES;
				CLANG_WARN_CONSTANT_CONVERSION = YES;
				CLANG_WARN_DEPRECATED_OBJC_IMPLEMENTATIONS = YES;
				CLANG_WARN_DIRECT_OBJC_ISA_USAGE = YES_ERROR;
				CLANG_WARN_DOCUMENTATION_COMMENTS = YES;
				CLANG_WARN_EMPTY_BODY = YES;
				CLANG_WARN_ENUM_CONVERSION = YES;
				CLANG_WARN_INFINITE_RECURSION = YES;
				CLANG_WARN_INT_CONVERSION = YES;
				CLANG_WARN_NON_LITERAL_NULL_CONVERSION = YES;
				CLANG_WARN_OBJC_IMPLICIT_RETAIN_SELF = YES;
				CLANG_WARN_OBJC_LITERAL_CONVERSION = YES;
				CLANG_WARN_OBJC_ROOT_CLASS = YES_ERROR;
				CLANG_WARN_QUOTED_INCLUDE_IN_FRAMEWORK_HEADER = YES;
				CLANG_WARN_RANGE_LOOP_ANALYSIS = YES;
				CLANG_WARN_STRICT_PROTOTYPES = YES;
				CLANG_WARN_SUSPICIOUS_MOVE = YES;
				CLANG_WARN_UNGUARDED_AVAILABILITY = YES_AGGRESSIVE;
				CLANG_WARN_UNREACHABLE_CODE = YES;
				CLANG_WARN__DUPLICATE_METHOD_MATCH = YES;
				COPY_PHASE_STRIP = NO;
				DEBUG_INFORMATION_FORMAT = "dwarf-with-dsym";
				DEVELOPMENT_TEAM = 44HRTG996V;
				ENABLE_NS_ASSERTIONS = NO;
				ENABLE_STRICT_OBJC_MSGSEND = YES;
				ENABLE_USER_SCRIPT_SANDBOXING = YES;
				GCC_C_LANGUAGE_STANDARD = gnu17;
				GCC_NO_COMMON_BLOCKS = YES;
				GCC_WARN_64_TO_32_BIT_CONVERSION = YES;
				GCC_WARN_ABOUT_RETURN_TYPE = YES_ERROR;
				GCC_WARN_UNDECLARED_SELECTOR = YES;
				GCC_WARN_UNINITIALIZED_AUTOS = YES_AGGRESSIVE;
				GCC_WARN_UNUSED_FUNCTION = YES;
				GCC_WARN_UNUSED_VARIABLE = YES;
				IPHONEOS_DEPLOYMENT_TARGET = 26.4;
				LOCALIZATION_PREFERS_STRING_CATALOGS = YES;
				MTL_ENABLE_DEBUG_INFO = NO;
				MTL_FAST_MATH = YES;
				SDKROOT = iphoneos;
				SWIFT_COMPILATION_MODE = wholemodule;
				VALIDATE_PRODUCT = YES;
			};
			name = Release;
		};
		61A789A32F9F3DA300F135BB /* Debug */ = {
			isa = XCBuildConfiguration;
			buildSettings = {
				ASSETCATALOG_COMPILER_APPICON_NAME = AppIcon;
				ASSETCATALOG_COMPILER_GLOBAL_ACCENT_COLOR_NAME = AccentColor;
				CODE_SIGN_STYLE = Automatic;
				CURRENT_PROJECT_VERSION = 1;
				DEVELOPMENT_TEAM = 44HRTG996V;
				ENABLE_PREVIEWS = YES;
				GENERATE_INFOPLIST_FILE = YES;
				INFOPLIST_FILE = SNUECafeteriaProject/Info.plist;
				INFOPLIST_KEY_CFBundleDisplayName = "교대학식";
				INFOPLIST_KEY_LSApplicationCategoryType = "public.app-category.lifestyle";
				INFOPLIST_KEY_UIApplicationSceneManifest_Generation = YES;
				INFOPLIST_KEY_UIApplicationSupportsIndirectInputEvents = YES;
				INFOPLIST_KEY_UILaunchStoryboardName = "";
				INFOPLIST_KEY_UISupportedInterfaceOrientations_iPad = "UIInterfaceOrientationPortrait UIInterfaceOrientationPortraitUpsideDown UIInterfaceOrientationLandscapeLeft UIInterfaceOrientationLandscapeRight";
				INFOPLIST_KEY_UISupportedInterfaceOrientations_iPhone = "UIInterfaceOrientationPortrait UIInterfaceOrientationLandscapeLeft UIInterfaceOrientationLandscapeRight";
				IPHONEOS_DEPLOYMENT_TARGET = 26.0;
				LD_RUNPATH_SEARCH_PATHS = (
					"$(inherited)",
					"@executable_path/Frameworks",
				);
				MARKETING_VERSION = 1.0;
				PRODUCT_BUNDLE_IDENTIFIER = com.deblurlab.SNUECafeteriaProject;
				PRODUCT_NAME = "$(TARGET_NAME)";
				STRING_CATALOG_GENERATE_SYMBOLS = YES;
				SWIFT_APPROACHABLE_CONCURRENCY = YES;
				SWIFT_DEFAULT_ACTOR_ISOLATION = MainActor;
				SWIFT_EMIT_LOC_STRINGS = YES;
				SWIFT_STRICT_CONCURRENCY = complete;
				SWIFT_UPCOMING_FEATURE_MEMBER_IMPORT_VISIBILITY = YES;
				SWIFT_VERSION = 6.0;
				TARGETED_DEVICE_FAMILY = "1,2";
			};
			name = Debug;
		};
		61A789A42F9F3DA300F135BB /* Release */ = {
			isa = XCBuildConfiguration;
			buildSettings = {
				ASSETCATALOG_COMPILER_APPICON_NAME = AppIcon;
				ASSETCATALOG_COMPILER_GLOBAL_ACCENT_COLOR_NAME = AccentColor;
				CODE_SIGN_STYLE = Automatic;
				CURRENT_PROJECT_VERSION = 1;
				DEVELOPMENT_TEAM = 44HRTG996V;
				ENABLE_PREVIEWS = YES;
				GENERATE_INFOPLIST_FILE = YES;
				INFOPLIST_FILE = SNUECafeteriaProject/Info.plist;
				INFOPLIST_KEY_CFBundleDisplayName = "교대학식";
				INFOPLIST_KEY_LSApplicationCategoryType = "public.app-category.lifestyle";
				INFOPLIST_KEY_UIApplicationSceneManifest_Generation = YES;
				INFOPLIST_KEY_UIApplicationSupportsIndirectInputEvents = YES;
				INFOPLIST_KEY_UILaunchStoryboardName = "";
				INFOPLIST_KEY_UISupportedInterfaceOrientations_iPad = "UIInterfaceOrientationPortrait UIInterfaceOrientationPortraitUpsideDown UIInterfaceOrientationLandscapeLeft UIInterfaceOrientationLandscapeRight";
				INFOPLIST_KEY_UISupportedInterfaceOrientations_iPhone = "UIInterfaceOrientationPortrait UIInterfaceOrientationLandscapeLeft UIInterfaceOrientationLandscapeRight";
				IPHONEOS_DEPLOYMENT_TARGET = 26.0;
				LD_RUNPATH_SEARCH_PATHS = (
					"$(inherited)",
					"@executable_path/Frameworks",
				);
				MARKETING_VERSION = 1.0;
				PRODUCT_BUNDLE_IDENTIFIER = com.deblurlab.SNUECafeteriaProject;
				PRODUCT_NAME = "$(TARGET_NAME)";
				STRING_CATALOG_GENERATE_SYMBOLS = YES;
				SWIFT_APPROACHABLE_CONCURRENCY = YES;
				SWIFT_DEFAULT_ACTOR_ISOLATION = MainActor;
				SWIFT_EMIT_LOC_STRINGS = YES;
				SWIFT_STRICT_CONCURRENCY = complete;
				SWIFT_UPCOMING_FEATURE_MEMBER_IMPORT_VISIBILITY = YES;
				SWIFT_VERSION = 6.0;
				TARGETED_DEVICE_FAMILY = "1,2";
			};
			name = Release;
		};
		61A789A62F9F3DA300F135BB /* Debug */ = {
			isa = XCBuildConfiguration;
			buildSettings = {
				BUNDLE_LOADER = "$(TEST_HOST)";
				CODE_SIGN_STYLE = Automatic;
				CURRENT_PROJECT_VERSION = 1;
				DEVELOPMENT_TEAM = 44HRTG996V;
				GENERATE_INFOPLIST_FILE = YES;
				IPHONEOS_DEPLOYMENT_TARGET = 26.4;
				MARKETING_VERSION = 1.0;
				PRODUCT_BUNDLE_IDENTIFIER = com.deblurlab.SNUECafeteriaProjectTests;
				PRODUCT_NAME = "$(TARGET_NAME)";
				STRING_CATALOG_GENERATE_SYMBOLS = NO;
				SWIFT_APPROACHABLE_CONCURRENCY = YES;
				SWIFT_EMIT_LOC_STRINGS = NO;
				SWIFT_UPCOMING_FEATURE_MEMBER_IMPORT_VISIBILITY = YES;
				SWIFT_VERSION = 5.0;
				TARGETED_DEVICE_FAMILY = "1,2";
				TEST_HOST = "$(BUILT_PRODUCTS_DIR)/SNUECafeteriaProject.app/$(BUNDLE_EXECUTABLE_FOLDER_PATH)/SNUECafeteriaProject";
			};
			name = Debug;
		};
		61A789A72F9F3DA300F135BB /* Release */ = {
			isa = XCBuildConfiguration;
			buildSettings = {
				BUNDLE_LOADER = "$(TEST_HOST)";
				CODE_SIGN_STYLE = Automatic;
				CURRENT_PROJECT_VERSION = 1;
				DEVELOPMENT_TEAM = 44HRTG996V;
				GENERATE_INFOPLIST_FILE = YES;
				IPHONEOS_DEPLOYMENT_TARGET = 26.4;
				MARKETING_VERSION = 1.0;
				PRODUCT_BUNDLE_IDENTIFIER = com.deblurlab.SNUECafeteriaProjectTests;
				PRODUCT_NAME = "$(TARGET_NAME)";
				STRING_CATALOG_GENERATE_SYMBOLS = NO;
				SWIFT_APPROACHABLE_CONCURRENCY = YES;
				SWIFT_EMIT_LOC_STRINGS = NO;
				SWIFT_UPCOMING_FEATURE_MEMBER_IMPORT_VISIBILITY = YES;
				SWIFT_VERSION = 5.0;
				TARGETED_DEVICE_FAMILY = "1,2";
				TEST_HOST = "$(BUILT_PRODUCTS_DIR)/SNUECafeteriaProject.app/$(BUNDLE_EXECUTABLE_FOLDER_PATH)/SNUECafeteriaProject";
			};
			name = Release;
		};
		61A789A92F9F3DA300F135BB /* Debug */ = {
			isa = XCBuildConfiguration;
			buildSettings = {
				CODE_SIGN_STYLE = Automatic;
				CURRENT_PROJECT_VERSION = 1;
				DEVELOPMENT_TEAM = 44HRTG996V;
				GENERATE_INFOPLIST_FILE = YES;
				MARKETING_VERSION = 1.0;
				PRODUCT_BUNDLE_IDENTIFIER = com.deblurlab.SNUECafeteriaProjectUITests;
				PRODUCT_NAME = "$(TARGET_NAME)";
				STRING_CATALOG_GENERATE_SYMBOLS = NO;
				SWIFT_APPROACHABLE_CONCURRENCY = YES;
				SWIFT_EMIT_LOC_STRINGS = NO;
				SWIFT_UPCOMING_FEATURE_MEMBER_IMPORT_VISIBILITY = YES;
				SWIFT_VERSION = 5.0;
				TARGETED_DEVICE_FAMILY = "1,2";
				TEST_TARGET_NAME = SNUECafeteriaProject;
			};
			name = Debug;
		};
		61A789AA2F9F3DA300F135BB /* Release */ = {
			isa = XCBuildConfiguration;
			buildSettings = {
				CODE_SIGN_STYLE = Automatic;
				CURRENT_PROJECT_VERSION = 1;
				DEVELOPMENT_TEAM = 44HRTG996V;
				GENERATE_INFOPLIST_FILE = YES;
				MARKETING_VERSION = 1.0;
				PRODUCT_BUNDLE_IDENTIFIER = com.deblurlab.SNUECafeteriaProjectUITests;
				PRODUCT_NAME = "$(TARGET_NAME)";
				STRING_CATALOG_GENERATE_SYMBOLS = NO;
				SWIFT_APPROACHABLE_CONCURRENCY = YES;
				SWIFT_EMIT_LOC_STRINGS = NO;
				SWIFT_UPCOMING_FEATURE_MEMBER_IMPORT_VISIBILITY = YES;
				SWIFT_VERSION = 5.0;
				TARGETED_DEVICE_FAMILY = "1,2";
				TEST_TARGET_NAME = SNUECafeteriaProject;
			};
			name = Release;
		};
/* End XCBuildConfiguration section */

/* Begin XCConfigurationList section */
		61A7897A2F9F3DA000F135BB /* Build configuration list for PBXProject "SNUECafeteriaProject" */ = {
			isa = XCConfigurationList;
			buildConfigurations = (
				61A789A02F9F3DA300F135BB /* Debug */,
				61A789A12F9F3DA300F135BB /* Release */,
			);
			defaultConfigurationIsVisible = 0;
			defaultConfigurationName = Release;
		};
		61A789A22F9F3DA300F135BB /* Build configuration list for PBXNativeTarget "SNUECafeteriaProject" */ = {
			isa = XCConfigurationList;
			buildConfigurations = (
				61A789A32F9F3DA300F135BB /* Debug */,
				61A789A42F9F3DA300F135BB /* Release */,
			);
			defaultConfigurationIsVisible = 0;
			defaultConfigurationName = Release;
		};
		61A789A52F9F3DA300F135BB /* Build configuration list for PBXNativeTarget "SNUECafeteriaProjectTests" */ = {
			isa = XCConfigurationList;
			buildConfigurations = (
				61A789A62F9F3DA300F135BB /* Debug */,
				61A789A72F9F3DA300F135BB /* Release */,
			);
			defaultConfigurationIsVisible = 0;
			defaultConfigurationName = Release;
		};
		61A789A82F9F3DA300F135BB /* Build configuration list for PBXNativeTarget "SNUECafeteriaProjectUITests" */ = {
			isa = XCConfigurationList;
			buildConfigurations = (
				61A789A92F9F3DA300F135BB /* Debug */,
				61A789AA2F9F3DA300F135BB /* Release */,
			);
			defaultConfigurationIsVisible = 0;
			defaultConfigurationName = Release;
		};
/* End XCConfigurationList section */

/* Begin XCRemoteSwiftPackageReference section */
		61F8BA012FA19C490061EA46 /* XCRemoteSwiftPackageReference "firebase-ios-sdk" */ = {
			isa = XCRemoteSwiftPackageReference;
			repositoryURL = "https://github.com/firebase/firebase-ios-sdk.git";
			requirement = {
				kind = upToNextMajorVersion;
				minimumVersion = 12.12.1;
			};
		};
/* End XCRemoteSwiftPackageReference section */

/* Begin XCSwiftPackageProductDependency section */
		61F8BA022FA19C490061EA46 /* FirebaseAnalytics */ = {
			isa = XCSwiftPackageProductDependency;
			package = 61F8BA012FA19C490061EA46 /* XCRemoteSwiftPackageReference "firebase-ios-sdk" */;
			productName = FirebaseAnalytics;
		};
		61F8BA042FA19C490061EA46 /* FirebaseCore */ = {
			isa = XCSwiftPackageProductDependency;
			package = 61F8BA012FA19C490061EA46 /* XCRemoteSwiftPackageReference "firebase-ios-sdk" */;
			productName = FirebaseCore;
		};
		61F8BA062FA19C490061EA46 /* FirebaseCrashlytics */ = {
			isa = XCSwiftPackageProductDependency;
			package = 61F8BA012FA19C490061EA46 /* XCRemoteSwiftPackageReference "firebase-ios-sdk" */;
			productName = FirebaseCrashlytics;
		};
		61F8BA082FA19C490061EA46 /* FirebaseFirestore */ = {
			isa = XCSwiftPackageProductDependency;
			package = 61F8BA012FA19C490061EA46 /* XCRemoteSwiftPackageReference "firebase-ios-sdk" */;
			productName = FirebaseFirestore;
		};
		61F8BA0A2FA19C490061EA46 /* FirebaseFunctions */ = {
			isa = XCSwiftPackageProductDependency;
			package = 61F8BA012FA19C490061EA46 /* XCRemoteSwiftPackageReference "firebase-ios-sdk" */;
			productName = FirebaseFunctions;
		};
/* End XCSwiftPackageProductDependency section */
	};
	rootObject = 61A789772F9F3DA000F135BB /* Project object */;
}
