// !$*UTF8*$!
{
	archiveVersion = 1;
	classes = {
	};
	objectVersion = 77;
	objects = {

/* Begin PBXBuildFile section */
		6154C80F2FD6BA5F002B6F51 /* SNUECafeteriaWatch.app in Embed Watch Content */ = {isa = PBXBuildFile; fileRef = 6154C7EF2FD6BA5D002B6F51 /* SNUECafeteriaWatch.app */; settings = {ATTRIBUTES = (CodeSignOnCopy, ); }; };
		61C3BF622FBADF42005C6C3B /* WidgetKit.framework in Frameworks */ = {isa = PBXBuildFile; fileRef = 61C3BF432FB717B0005C6C3B /* WidgetKit.framework */; };
		61C3BF632FBADF42005C6C3B /* SwiftUI.framework in Frameworks */ = {isa = PBXBuildFile; fileRef = 61C3BF452FB717B0005C6C3B /* SwiftUI.framework */; };
		61C3BF6E2FBADF43005C6C3B /* SNUECafeteriaWidgetExtension.appex in Embed Foundation Extensions */ = {isa = PBXBuildFile; fileRef = 61C3BF612FBADF42005C6C3B /* SNUECafeteriaWidgetExtension.appex */; settings = {ATTRIBUTES = (RemoveHeadersOnCopy, ); }; };
		61F8BA032FA19C490061EA46 /* FirebaseAnalytics in Frameworks */ = {isa = PBXBuildFile; productRef = 61F8BA022FA19C490061EA46 /* FirebaseAnalytics */; };
		61F8BA052FA19C490061EA46 /* FirebaseCore in Frameworks */ = {isa = PBXBuildFile; productRef = 61F8BA042FA19C490061EA46 /* FirebaseCore */; };
		61F8BA072FA19C490061EA46 /* FirebaseCrashlytics in Frameworks */ = {isa = PBXBuildFile; productRef = 61F8BA062FA19C490061EA46 /* FirebaseCrashlytics */; };
		61F8BA092FA19C490061EA46 /* FirebaseFirestore in Frameworks */ = {isa = PBXBuildFile; productRef = 61F8BA082FA19C490061EA46 /* FirebaseFirestore */; };
		61F8BA0B2FA19C490061EA46 /* FirebaseFunctions in Frameworks */ = {isa = PBXBuildFile; productRef = 61F8BA0A2FA19C490061EA46 /* FirebaseFunctions */; };
/* End PBXBuildFile section */

/* Begin PBXContainerItemProxy section */
		6154C7FC2FD6BA5E002B6F51 /* PBXContainerItemProxy */ = {
			isa = PBXContainerItemProxy;
			containerPortal = 61A789772F9F3DA000F135BB /* Project object */;
			proxyType = 1;
			remoteGlobalIDString = 6154C7EE2FD6BA5D002B6F51;
			remoteInfo = "SNUECafeteriaProjectWatchApp Watch App";
		};
		6154C8062FD6BA5F002B6F51 /* PBXContainerItemProxy */ = {
			isa = PBXContainerItemProxy;
			containerPortal = 61A789772F9F3DA000F135BB /* Project object */;
			proxyType = 1;
			remoteGlobalIDString = 6154C7EE2FD6BA5D002B6F51;
			remoteInfo = "SNUECafeteriaProjectWatchApp Watch App";
		};
		6154C80D2FD6BA5F002B6F51 /* PBXContainerItemProxy */ = {
			isa = PBXContainerItemProxy;
			containerPortal = 61A789772F9F3DA000F135BB /* Project object */;
			proxyType = 1;
			remoteGlobalIDString = 6154C7EE2FD6BA5D002B6F51;
			remoteInfo = "SNUECafeteriaProjectWatchApp Watch App";
		};
		61A7898F2F9F3DA300F135BB /* PBXContainerItemProxy */ = {
			isa = PBXContainerItemProxy;
			containerPortal = 61A789772F9F3DA000F135BB /* Project object */;
			proxyType = 1;
			remoteGlobalIDString = 61A7897E2F9F3DA000F135BB;
			remoteInfo = SNUECafeteriaProject;
		};
		61A789992F9F3DA300F135BB /* PBXContainerItemProxy */ = {
			isa = PBXContainerItemProxy;
			containerPortal = 61A789772F9F3DA000F135BB /* Project object */;
			proxyType = 1;
			remoteGlobalIDString = 61A7897E2F9F3DA000F135BB;
			remoteInfo = SNUECafeteriaProject;
		};
		61C3BF6C2FBADF43005C6C3B /* PBXContainerItemProxy */ = {
			isa = PBXContainerItemProxy;
			containerPortal = 61A789772F9F3DA000F135BB /* Project object */;
			proxyType = 1;
			remoteGlobalIDString = 61C3BF602FBADF42005C6C3B;
			remoteInfo = SNUECafeteriaWidgetExtension;
		};
/* End PBXContainerItemProxy section */

/* Begin PBXCopyFilesBuildPhase section */
		6154C7E12FD6BA0C002B6F51 /* Embed Watch Content */ = {
			isa = PBXCopyFilesBuildPhase;
			buildActionMask = 12;
			dstPath = "$(CONTENTS_FOLDER_PATH)/Watch";
			dstSubfolderSpec = 16;
			files = (
				6154C80F2FD6BA5F002B6F51 /* SNUECafeteriaWatch.app in Embed Watch Content */,
			);
			name = "Embed Watch Content";
			runOnlyForDeploymentPostprocessing = 0;
		};
		61C3BF572FB717B2005C6C3B /* Embed Foundation Extensions */ = {
			isa = PBXCopyFilesBuildPhase;
			buildActionMask = 2147483647;
			dstPath = "";
			dstSubfolderSpec = 13;
			files = (
				61C3BF6E2FBADF43005C6C3B /* SNUECafeteriaWidgetExtension.appex in Embed Foundation Extensions */,
			);
			name = "Embed Foundation Extensions";
			runOnlyForDeploymentPostprocessing = 0;
		};
/* End PBXCopyFilesBuildPhase section */

/* Begin PBXFileReference section */
		6154C7EF2FD6BA5D002B6F51 /* SNUECafeteriaWatch.app */ = {isa = PBXFileReference; explicitFileType = wrapper.application; includeInIndex = 0; path = SNUECafeteriaWatch.app; sourceTree = BUILT_PRODUCTS_DIR; };
		6154C7FB2FD6BA5E002B6F51 /* SNUECafeteriaProjectWatchApp Watch AppTests.xctest */ = {isa = PBXFileReference; explicitFileType = wrapper.cfbundle; includeInIndex = 0; path = "SNUECafeteriaProjectWatchApp Watch AppTests.xctest"; sourceTree = BUILT_PRODUCTS_DIR; };
		6154C8052FD6BA5F002B6F51 /* SNUECafeteriaProjectWatchApp Watch AppUITests.xctest */ = {isa = PBXFileReference; explicitFileType = wrapper.cfbundle; includeInIndex = 0; path = "SNUECafeteriaProjectWatchApp Watch AppUITests.xctest"; sourceTree = BUILT_PRODUCTS_DIR; };
		61A7897F2F9F3DA000F135BB /* SNUECafeteriaProject.app */ = {isa = PBXFileReference; explicitFileType = wrapper.application; includeInIndex = 0; path = SNUECafeteriaProject.app; sourceTree = BUILT_PRODUCTS_DIR; };
		61A7898E2F9F3DA300F135BB /* SNUECafeteriaProjectTests.xctest */ = {isa = PBXFileReference; explicitFileType = wrapper.cfbundle; includeInIndex = 0; path = SNUECafeteriaProjectTests.xctest; sourceTree = BUILT_PRODUCTS_DIR; };
		61A789982F9F3DA300F135BB /* SNUECafeteriaProjectUITests.xctest */ = {isa = PBXFileReference; explicitFileType = wrapper.cfbundle; includeInIndex = 0; path = SNUECafeteriaProjectUITests.xctest; sourceTree = BUILT_PRODUCTS_DIR; };
		61C3BF432FB717B0005C6C3B /* WidgetKit.framework */ = {isa = PBXFileReference; lastKnownFileType = wrapper.framework; name = WidgetKit.framework; path = System/Library/Frameworks/WidgetKit.framework; sourceTree = SDKROOT; };
		61C3BF452FB717B0005C6C3B /* SwiftUI.framework */ = {isa = PBXFileReference; lastKnownFileType = wrapper.framework; name = SwiftUI.framework; path = System/Library/Frameworks/SwiftUI.framework; sourceTree = SDKROOT; };
		61C3BF612FBADF42005C6C3B /* SNUECafeteriaWidgetExtension.appex */ = {isa = PBXFileReference; explicitFileType = "wrapper.app-extension"; includeInIndex = 0; path = SNUECafeteriaWidgetExtension.appex; sourceTree = BUILT_PRODUCTS_DIR; };
		61C3BF742FBBF761005C6C3B /* SNUECafeteriaWidgetExtension.entitlements */ = {isa = PBXFileReference; lastKnownFileType = text.plist.entitlements; path = SNUECafeteriaWidgetExtension.entitlements; sourceTree = "<group>"; };
/* End PBXFileReference section */

/* Begin PBXFileSystemSynchronizedBuildFileExceptionSet section */
		6154C8212FD6BA60002B6F51 /* Exceptions for "Shared" folder in "SNUECafeteriaProjectWatchApp Watch App" target */ = {
			isa = PBXFileSystemSynchronizedBuildFileExceptionSet;
			membershipExceptions = (
				AppIcon.icon,
				Intents/FetchMealForDateIntent.swift,
				Intents/FetchMealForDateListIntent.swift,
				Intents/FetchMealsForPeriodIntent.swift,
				Intents/FetchNearestMealIntent.swift,
				Intents/FetchNearestMealListIntent.swift,
				Intents/MealEntity.swift,
				Intents/MealEntityQuery.swift,
				Intents/MealIntentImageRenderer.swift,
				Intents/MealIntentSnippetView.swift,
				Intents/MealShortcutsProvider.swift,
				Intents/MealTypeAppEnum.swift,
				Intents/OpenAppIntent.swift,
			);
			target = 6154C7EE2FD6BA5D002B6F51 /* SNUECafeteriaProjectWatchApp Watch App */;
		};
		6154CB432FD7A3F3002B6F51 /* Exceptions for "Shared" folder in "SNUECafeteriaWidgetExtension" target */ = {
			isa = PBXFileSystemSynchronizedBuildFileExceptionSet;
			membershipExceptions = (
				AppIcon.icon,
				Services/NetworkService.swift,
				WatchConnectivity/WatchCompanionAvailability.swift,
			);
			target = 61C3BF602FBADF42005C6C3B /* SNUECafeteriaWidgetExtension */;
		};
		61A789BE2F9F43F700F135BB /* Exceptions for "SNUECafeteriaProject" folder in "SNUECafeteriaProject" target */ = {
			isa = PBXFileSystemSynchronizedBuildFileExceptionSet;
			membershipExceptions = (
				Info.plist,
			);
			target = 61A7897E2F9F3DA000F135BB /* SNUECafeteriaProject */;
		};
		61C3BF722FBADF43005C6C3B /* Exceptions for "SNUECafeteriaWidget" folder in "SNUECafeteriaWidgetExtension" target */ = {
			isa = PBXFileSystemSynchronizedBuildFileExceptionSet;
			membershipExceptions = (
				Info.plist,
			);
			target = 61C3BF602FBADF42005C6C3B /* SNUECafeteriaWidgetExtension */;
		};
/* End PBXFileSystemSynchronizedBuildFileExceptionSet section */

/* Begin PBXFileSystemSynchronizedRootGroup section */
		6154C7F02FD6BA5D002B6F51 /* SNUECafeteriaProjectWatchApp Watch App */ = {
			isa = PBXFileSystemSynchronizedRootGroup;
			path = "SNUECafeteriaProjectWatchApp Watch App";
			sourceTree = "<group>";
		};
		6154C7FE2FD6BA5E002B6F51 /* SNUECafeteriaProjectWatchApp Watch AppTests */ = {
			isa = PBXFileSystemSynchronizedRootGroup;
			path = "SNUECafeteriaProjectWatchApp Watch AppTests";
			sourceTree = "<group>";
		};
		6154C8082FD6BA5F002B6F51 /* SNUECafeteriaProjectWatchApp Watch AppUITests */ = {
			isa = PBXFileSystemSynchronizedRootGroup;
			path = "SNUECafeteriaProjectWatchApp Watch AppUITests";
			sourceTree = "<group>";
		};
		61A789812F9F3DA000F135BB /* SNUECafeteriaProject */ = {
			isa = PBXFileSystemSynchronizedRootGroup;
			exceptions = (
				61A789BE2F9F43F700F135BB /* Exceptions for "SNUECafeteriaProject" folder in "SNUECafeteriaProject" target */,
			);
			path = SNUECafeteriaProject;
			sourceTree = "<group>";
		};
		61A789912F9F3DA300F135BB /* SNUECafeteriaProjectTests */ = {
			isa = PBXFileSystemSynchronizedRootGroup;
			path = SNUECafeteriaProjectTests;
			sourceTree = "<group>";
		};
		61A7899B2F9F3DA300F135BB /* SNUECafeteriaProjectUITests */ = {
			isa = PBXFileSystemSynchronizedRootGroup;
			path = SNUECafeteriaProjectUITests;
			sourceTree = "<group>";
		};
		61C3BF642FBADF42005C6C3B /* SNUECafeteriaWidget */ = {
			isa = PBXFileSystemSynchronizedRootGroup;
			exceptions = (
				61C3BF722FBADF43005C6C3B /* Exceptions for "SNUECafeteriaWidget" folder in "SNUECafeteriaWidgetExtension" target */,
			);
			path = SNUECafeteriaWidget;
			sourceTree = "<group>";
		};
		B96A182864E28FA2C30F4EDC /* Shared */ = {
			isa = PBXFileSystemSynchronizedRootGroup;
			exceptions = (
				6154CB432FD7A3F3002B6F51 /* Exceptions for "Shared" folder in "SNUECafeteriaWidgetExtension" target */,
				6154C8212FD6BA60002B6F51 /* Exceptions for "Shared" folder in "SNUECafeteriaProjectWatchApp Watch App" target */,
			);
			path = Shared;
			sourceTree = "<group>";
		};
/* End PBXFileSystemSynchronizedRootGroup section */

/* Begin PBXFrameworksBuildPhase section */
		6154C7EC2FD6BA5D002B6F51 /* Frameworks */ = {
			isa = PBXFrameworksBuildPhase;
			buildActionMask = 2147483647;
			files = (
			);
			runOnlyForDeploymentPostprocessing = 0;
		};
		6154C7F82FD6BA5E002B6F51 /* Frameworks */ = {
			isa = PBXFrameworksBuildPhase;
			buildActionMask = 2147483647;
			files = (
			);
			runOnlyForDeploymentPostprocessing = 0;
		};
		6154C8022FD6BA5F002B6F51 /* Frameworks */ = {
			isa = PBXFrameworksBuildPhase;
			buildActionMask = 2147483647;
			files = (
			);
			runOnlyForDeploymentPostprocessing = 0;
		};
		61A7897C2F9F3DA000F135BB /* Frameworks */ = {
			isa = PBXFrameworksBuildPhase;
			buildActionMask = 2147483647;
			files = (
				61F8BA072FA19C490061EA46 /* FirebaseCrashlytics in Frameworks */,
				61F8BA092FA19C490061EA46 /* FirebaseFirestore in Frameworks */,
				61F8BA0B2FA19C490061EA46 /* FirebaseFunctions in Frameworks */,
				61F8BA052FA19C490061EA46 /* FirebaseCore in Frameworks */,
				61F8BA032FA19C490061EA46 /* FirebaseAnalytics in Frameworks */,
			);
			runOnlyForDeploymentPostprocessing = 0;
		};
		61A7898B2F9F3DA200F135BB /* Frameworks */ = {
			isa = PBXFrameworksBuildPhase;
			buildActionMask = 2147483647;
			files = (
			);
			runOnlyForDeploymentPostprocessing = 0;
		};
		61A789952F9F3DA300F135BB /* Frameworks */ = {
			isa = PBXFrameworksBuildPhase;
			buildActionMask = 2147483647;
			files = (
			);
			runOnlyForDeploymentPostprocessing = 0;
		};
		61C3BF5E2FBADF42005C6C3B /* Frameworks */ = {
			isa = PBXFrameworksBuildPhase;
			buildActionMask = 2147483647;
			files = (
				61C3BF632FBADF42005C6C3B /* SwiftUI.framework in Frameworks */,
				61C3BF622FBADF42005C6C3B /* WidgetKit.framework in Frameworks */,
			);
			runOnlyForDeploymentPostprocessing = 0;
		};
/* End PBXFrameworksBuildPhase section */

/* Begin PBXGroup section */
		61A789762F9F3DA000F135BB = {
			isa = PBXGroup;
			children = (
				61C3BF742FBBF761005C6C3B /* SNUECafeteriaWidgetExtension.entitlements */,
				61A789812F9F3DA000F135BB /* SNUECafeteriaProject */,
				61A789912F9F3DA300F135BB /* SNUECafeteriaProjectTests */,
				61A7899B2F9F3DA300F135BB /* SNUECafeteriaProjectUITests */,
				61C3BF642FBADF42005C6C3B /* SNUECafeteriaWidget */,
				B96A182864E28FA2C30F4EDC /* Shared */,
				6154C7F02FD6BA5D002B6F51 /* SNUECafeteriaProjectWatchApp Watch App */,
				6154C7FE2FD6BA5E002B6F51 /* SNUECafeteriaProjectWatchApp Watch AppTests */,
				6154C8082FD6BA5F002B6F51 /* SNUECafeteriaProjectWatchApp Watch AppUITests */,
				61C3BF422FB717B0005C6C3B /* Frameworks */,
				61A789802F9F3DA000F135BB /* Products */,
			);
			sourceTree = "<group>";
		};
		61A789802F9F3DA000F135BB /* Products */ = {
			isa = PBXGroup;
			children = (
				61A7897F2F9F3DA000F135BB /* SNUECafeteriaProject.app */,
				61A7898E2F9F3DA300F135BB /* SNUECafeteriaProjectTests.xctest */,
				61A789982F9F3DA300F135BB /* SNUECafeteriaProjectUITests.xctest */,
				61C3BF612FBADF42005C6C3B /* SNUECafeteriaWidgetExtension.appex */,
				6154C7EF2FD6BA5D002B6F51 /* SNUECafeteriaWatch.app */,
				6154C7FB2FD6BA5E002B6F51 /* SNUECafeteriaProjectWatchApp Watch AppTests.xctest */,
				6154C8052FD6BA5F002B6F51 /* SNUECafeteriaProjectWatchApp Watch AppUITests.xctest */,
			);
			name = Products;
			sourceTree = "<group>";
		};
		61C3BF422FB717B0005C6C3B /* Frameworks */ = {
			isa = PBXGroup;
			children = (
				61C3BF432FB717B0005C6C3B /* WidgetKit.framework */,
				61C3BF452FB717B0005C6C3B /* SwiftUI.framework */,
			);
			name = Frameworks;
			sourceTree = "<group>";
		};
/* End PBXGroup section */

/* Begin PBXNativeTarget section */
		6154C7EE2FD6BA5D002B6F51 /* SNUECafeteriaProjectWatchApp Watch App */ = {
			isa = PBXNativeTarget;
			buildConfigurationList = 6154C8102FD6BA5F002B6F51 /* Build configuration list for PBXNativeTarget "SNUECafeteriaProjectWatchApp Watch App" */;
			buildPhases = (
				6154C7EB2FD6BA5D002B6F51 /* Sources */,
				6154C7EC2FD6BA5D002B6F51 /* Frameworks */,
				6154C8A32FD7B100002B6F51 /* Copy GoogleService-Info.plist */,
				6154C7ED2FD6BA5D002B6F51 /* Resources */,
			);
			buildRules = (
			);
			dependencies = (
			);
			fileSystemSynchronizedGroups = (
				6154C7F02FD6BA5D002B6F51 /* SNUECafeteriaProjectWatchApp Watch App */,
				B96A182864E28FA2C30F4EDC /* Shared */,
			);
			name = "SNUECafeteriaProjectWatchApp Watch App";
			packageProductDependencies = (
			);
			productName = "SNUECafeteriaProjectWatchApp Watch App";
			productReference = 6154C7EF2FD6BA5D002B6F51 /* SNUECafeteriaWatch.app */;
			productType = "com.apple.product-type.application";
		};
		6154C7FA2FD6BA5E002B6F51 /* SNUECafeteriaProjectWatchApp Watch AppTests */ = {
			isa = PBXNativeTarget;
			buildConfigurationList = 6154C8132FD6BA5F002B6F51 /* Build configuration list for PBXNativeTarget "SNUECafeteriaProjectWatchApp Watch AppTests" */;
			buildPhases = (
				6154C7F72FD6BA5E002B6F51 /* Sources */,
				6154C7F82FD6BA5E002B6F51 /* Frameworks */,
				6154C7F92FD6BA5E002B6F51 /* Resources */,
			);
			buildRules = (
			);
			dependencies = (
				6154C7FD2FD6BA5E002B6F51 /* PBXTargetDependency */,
			);
			fileSystemSynchronizedGroups = (
				6154C7FE2FD6BA5E002B6F51 /* SNUECafeteriaProjectWatchApp Watch AppTests */,
			);
			name = "SNUECafeteriaProjectWatchApp Watch AppTests";
			packageProductDependencies = (
			);
			productName = "SNUECafeteriaProjectWatchApp Watch AppTests";
			productReference = 6154C7FB2FD6BA5E002B6F51 /* SNUECafeteriaProjectWatchApp Watch AppTests.xctest */;
			productType = "com.apple.product-type.bundle.unit-test";
		};
		6154C8042FD6BA5F002B6F51 /* SNUECafeteriaProjectWatchApp Watch AppUITests */ = {
			isa = PBXNativeTarget;
			buildConfigurationList = 6154C8162FD6BA5F002B6F51 /* Build configuration list for PBXNativeTarget "SNUECafeteriaProjectWatchApp Watch AppUITests" */;
			buildPhases = (
				6154C8012FD6BA5F002B6F51 /* Sources */,
				6154C8022FD6BA5F002B6F51 /* Frameworks */,
				6154C8032FD6BA5F002B6F51 /* Resources */,
			);
			buildRules = (
			);
			dependencies = (
				6154C8072FD6BA5F002B6F51 /* PBXTargetDependency */,
			);
			fileSystemSynchronizedGroups = (
				6154C8082FD6BA5F002B6F51 /* SNUECafeteriaProjectWatchApp Watch AppUITests */,
			);
			name = "SNUECafeteriaProjectWatchApp Watch AppUITests";
			packageProductDependencies = (
			);
			productName = "SNUECafeteriaProjectWatchApp Watch AppUITests";
			productReference = 6154C8052FD6BA5F002B6F51 /* SNUECafeteriaProjectWatchApp Watch AppUITests.xctest */;
			productType = "com.apple.product-type.bundle.ui-testing";
		};
		61A7897E2F9F3DA000F135BB /* SNUECafeteriaProject */ = {
			isa = PBXNativeTarget;
			buildConfigurationList = 61A789A22F9F3DA300F135BB /* Build configuration list for PBXNativeTarget "SNUECafeteriaProject" */;
			buildPhases = (
				61A7897B2F9F3DA000F135BB /* Sources */,
				61A7897C2F9F3DA000F135BB /* Frameworks */,
				61A7897D2F9F3DA000F135BB /* Resources */,
				61C3BF572FB717B2005C6C3B /* Embed Foundation Extensions */,
				6154C7E12FD6BA0C002B6F51 /* Embed Watch Content */,
			);
			buildRules = (
			);
			dependencies = (
				61C3BF6D2FBADF43005C6C3B /* PBXTargetDependency */,
				6154C80E2FD6BA5F002B6F51 /* PBXTargetDependency */,
			);
			fileSystemSynchronizedGroups = (
				61A789812F9F3DA000F135BB /* SNUECafeteriaProject */,
				B96A182864E28FA2C30F4EDC /* Shared */,
			);
			name = SNUECafeteriaProject;
			packageProductDependencies = (
				61F8BA022FA19C490061EA46 /* FirebaseAnalytics */,
				61F8BA042FA19C490061EA46 /* FirebaseCore */,
				61F8BA062FA19C490061EA46 /* FirebaseCrashlytics */,
				61F8BA082FA19C490061EA46 /* FirebaseFirestore */,
				61F8BA0A2FA19C490061EA46 /* FirebaseFunctions */,
			);
			productName = SNUECafeteriaProject;
			productReference = 61A7897F2F9F3DA000F135BB /* SNUECafeteriaProject.app */;
			productType = "com.apple.product-type.application";
		};
		61A7898D2F9F3DA200F135BB /* SNUECafeteriaProjectTests */ = {
			isa = PBXNativeTarget;
			buildConfigurationList = 61A789A52F9F3DA300F135BB /* Build configuration list for PBXNativeTarget "SNUECafeteriaProjectTests" */;
			buildPhases = (
				61A7898A2F9F3DA200F135BB /* Sources */,
				61A7898B2F9F3DA200F135BB /* Frameworks */,
				61A7898C2F9F3DA200F135BB /* Resources */,
			);
			buildRules = (
			);
			dependencies = (
				61A789902F9F3DA300F135BB /* PBXTargetDependency */,
			);
			fileSystemSynchronizedGroups = (
				61A789912F9F3DA300F135BB /* SNUECafeteriaProjectTests */,
			);
			name = SNUECafeteriaProjectTests;
			productName = SNUECafeteriaProjectTests;
			productReference = 61A7898E2F9F3DA300F135BB /* SNUECafeteriaProjectTests.xctest */;
			productType = "com.apple.product-type.bundle.unit-test";
		};
		61A789972F9F3DA300F135BB /* SNUECafeteriaProjectUITests */ = {
			isa = PBXNativeTarget;
			buildConfigurationList = 61A789A82F9F3DA300F135BB /* Build configuration list for PBXNativeTarget "SNUECafeteriaProjectUITests" */;
			buildPhases = (
				61A789942F9F3DA300F135BB /* Sources */,
				61A789952F9F3DA300F135BB /* Frameworks */,
				61A789962F9F3DA300F135BB /* Resources */,
			);
			buildRules = (
			);
			dependencies = (
				61A7899A2F9F3DA300F135BB /* PBXTargetDependency */,
			);
			fileSystemSynchronizedGroups = (
				61A7899B2F9F3DA300F135BB /* SNUECafeteriaProjectUITests */,
			);
			name = SNUECafeteriaProjectUITests;
			productName = SNUECafeteriaProjectUITests;
			productReference = 61A789982F9F3DA300F135BB /* SNUECafeteriaProjectUITests.xctest */;
			productType = "com.apple.product-type.bundle.ui-testing";
		};
		61C3BF602FBADF42005C6C3B /* SNUECafeteriaWidgetExtension */ = {
			isa = PBXNativeTarget;
			buildConfigurationList = 61C3BF6F2FBADF43005C6C3B /* Build configuration list for PBXNativeTarget "SNUECafeteriaWidgetExtension" */;
			buildPhases = (
				61C3BF5D2FBADF42005C6C3B /* Sources */,
				61C3BF5E2FBADF42005C6C3B /* Frameworks */,
				61C3BF5F2FBADF42005C6C3B /* Resources */,
			);
			buildRules = (
			);
			dependencies = (
			);
			fileSystemSynchronizedGroups = (
				61C3BF642FBADF42005C6C3B /* SNUECafeteriaWidget */,
				B96A182864E28FA2C30F4EDC /* Shared */,
			);
			name = SNUECafeteriaWidgetExtension;
			productName = SNUECafeteriaWidgetExtension;
			productReference = 61C3BF612FBADF42005C6C3B /* SNUECafeteriaWidgetExtension.appex */;
			productType = "com.apple.product-type.app-extension";
		};
/* End PBXNativeTarget section */

/* Begin PBXProject section */
		61A789772F9F3DA000F135BB /* Project object */ = {
			isa = PBXProject;
			attributes = {
				BuildIndependentTargetsInParallel = 1;
				LastSwiftUpdateCheck = 2640;
				LastUpgradeCheck = 2640;
				TargetAttributes = {
					6154C7EE2FD6BA5D002B6F51 = {
						CreatedOnToolsVersion = 26.4.1;
					};
					6154C7FA2FD6BA5E002B6F51 = {
						CreatedOnToolsVersion = 26.4.1;
						TestTargetID = 6154C7EE2FD6BA5D002B6F51;
					};
					6154C8042FD6BA5F002B6F51 = {
						CreatedOnToolsVersion = 26.4.1;
						TestTargetID = 6154C7EE2FD6BA5D002B6F51;
					};
					61A7897E2F9F3DA000F135BB = {
						CreatedOnToolsVersion = 26.4.1;
					};
					61A7898D2F9F3DA200F135BB = {
						CreatedOnToolsVersion = 26.4.1;
						TestTargetID = 61A7897E2F9F3DA000F135BB;
					};
					61A789972F9F3DA300F135BB = {
						CreatedOnToolsVersion = 26.4.1;
						TestTargetID = 61A7897E2F9F3DA000F135BB;
					};
					61C3BF602FBADF42005C6C3B = {
						CreatedOnToolsVersion = 26.4.1;
					};
				};
			};
			buildConfigurationList = 61A7897A2F9F3DA000F135BB /* Build configuration list for PBXProject "SNUECafeteriaProject" */;
			developmentRegion = en;
			hasScannedForEncodings = 0;
			knownRegions = (
				en,
				Base,
			);
			mainGroup = 61A789762F9F3DA000F135BB;
			minimizedProjectReferenceProxies = 1;
			packageReferences = (
				61F8BA012FA19C490061EA46 /* XCRemoteSwiftPackageReference "firebase-ios-sdk" */,
			);
			preferredProjectObjectVersion = 77;
			productRefGroup = 61A789802F9F3DA000F135BB /* Products */;
			projectDirPath = "";
			projectRoot = "";
			targets = (
				61A7897E2F9F3DA000F135BB /* SNUECafeteriaProject */,
				61A7898D2F9F3DA200F135BB /* SNUECafeteriaProjectTests */,
				61A789972F9F3DA300F135BB /* SNUECafeteriaProjectUITests */,
				61C3BF602FBADF42005C6C3B /* SNUECafeteriaWidgetExtension */,
				6154C7EE2FD6BA5D002B6F51 /* SNUECafeteriaProjectWatchApp Watch App */,
				6154C7FA2FD6BA5E002B6F51 /* SNUECafeteriaProjectWatchApp Watch AppTests */,
				6154C8042FD6BA5F002B6F51 /* SNUECafeteriaProjectWatchApp Watch AppUITests */,
			);
		};
/* End PBXProject section */

/* Begin PBXResourcesBuildPhase section */
		6154C7ED2FD6BA5D002B6F51 /* Resources */ = {
			isa = PBXResourcesBuildPhase;
			buildActionMask = 2147483647;
			files = (
			);
			runOnlyForDeploymentPostprocessing = 0;
		};
		6154C7F92FD6BA5E002B6F51 /* Resources */ = {
			isa = PBXResourcesBuildPhase;
			buildActionMask = 2147483647;
			files = (
			);
			runOnlyForDeploymentPostprocessing = 0;
		};
		6154C8032FD6BA5F002B6F51 /* Resources */ = {
			isa = PBXResourcesBuildPhase;
			buildActionMask = 2147483647;
			files = (
			);
			runOnlyForDeploymentPostprocessing = 0;
		};
		61A7897D2F9F3DA000F135BB /* Resources */ = {
			isa = PBXResourcesBuildPhase;
			buildActionMask = 2147483647;
			files = (
			);
			runOnlyForDeploymentPostprocessing = 0;
		};
		61A7898C2F9F3DA200F135BB /* Resources */ = {
			isa = PBXResourcesBuildPhase;
			buildActionMask = 2147483647;
			files = (
			);
			runOnlyForDeploymentPostprocessing = 0;
		};
		61A789962F9F3DA300F135BB /* Resources */ = {
			isa = PBXResourcesBuildPhase;
			buildActionMask = 2147483647;
			files = (
			);
			runOnlyForDeploymentPostprocessing = 0;
		};
		61C3BF5F2FBADF42005C6C3B /* Resources */ = {
			isa = PBXResourcesBuildPhase;
			buildActionMask = 2147483647;
			files = (
			);
			runOnlyForDeploymentPostprocessing = 0;
		};
/* End PBXResourcesBuildPhase section */

/* Begin PBXShellScriptBuildPhase section */
		6154C8A32FD7B100002B6F51 /* Copy GoogleService-Info.plist */ = {
			isa = PBXShellScriptBuildPhase;
			buildActionMask = 2147483647;
			files = (
			);
			inputPaths = (
				"$(SRCROOT)/SNUECafeteriaProject/GoogleService-Info.plist",
			);
			name = "Copy GoogleService-Info.plist";
			outputPaths = (
				"$(TARGET_BUILD_DIR)/$(WRAPPER_NAME)/GoogleService-Info.plist",
			);
			runOnlyForDeploymentPostprocessing = 0;
			shellPath = /bin/sh;
			shellScript = "if [ -f \"${SRCROOT}/SNUECafeteriaProject/GoogleService-Info.plist\" ]; then\n  cp \"${SRCROOT}/SNUECafeteriaProject/GoogleService-Info.plist\" \"${TARGET_BUILD_DIR}/${WRAPPER_NAME}/GoogleService-Info.plist\"\nelse\n  echo \"warning: GoogleService-Info.plist not found for Watch target\"\nfi\n";
		};
/* End PBXShellScriptBuildPhase section */

/* Begin PBXSourcesBuildPhase section */
		6154C7EB2FD6BA5D002B6F51 /* Sources */ = {
			isa = PBXSourcesBuildPhase;
			buildActionMask = 2147483647;
			files = (
			);
			runOnlyForDeploymentPostprocessing = 0;
		};
		6154C7F72FD6BA5E002B6F51 /* Sources */ = {
			isa = PBXSourcesBuildPhase;
			buildActionMask = 2147483647;
			files = (
			);
			runOnlyForDeploymentPostprocessing = 0;
		};
		6154C8012FD6BA5F002B6F51 /* Sources */ = {
			isa = PBXSourcesBuildPhase;
			buildActionMask = 2147483647;
			files = (
			);
			runOnlyForDeploymentPostprocessing = 0;
		};
		61A7897B2F9F3DA000F135BB /* Sources */ = {
			isa = PBXSourcesBuildPhase;
			buildActionMask = 2147483647;
			files = (
			);
			runOnlyForDeploymentPostprocessing = 0;
		};
		61A7898A2F9F3DA200F135BB /* Sources */ = {
			isa = PBXSourcesBuildPhase;
			buildActionMask = 2147483647;
			files = (
			);
			runOnlyForDeploymentPostprocessing = 0;
		};
		61A789942F9F3DA300F135BB /* Sources */ = {
			isa = PBXSourcesBuildPhase;
			buildActionMask = 2147483647;
			files = (
			);
			runOnlyForDeploymentPostprocessing = 0;
		};
		61C3BF5D2FBADF42005C6C3B /* Sources */ = {
			isa = PBXSourcesBuildPhase;
			buildActionMask = 2147483647;
			files = (
			);
			runOnlyForDeploymentPostprocessing = 0;
		};
/* End PBXSourcesBuildPhase section */

/* Begin PBXTargetDependency section */
		6154C7FD2FD6BA5E002B6F51 /* PBXTargetDependency */ = {
			isa = PBXTargetDependency;
			target = 6154C7EE2FD6BA5D002B6F51 /* SNUECafeteriaProjectWatchApp Watch App */;
			targetProxy = 6154C7FC2FD6BA5E002B6F51 /* PBXContainerItemProxy */;
		};
		6154C8072FD6BA5F002B6F51 /* PBXTargetDependency */ = {
			isa = PBXTargetDependency;
			target = 6154C7EE2FD6BA5D002B6F51 /* SNUECafeteriaProjectWatchApp Watch App */;
			targetProxy = 6154C8062FD6BA5F002B6F51 /* PBXContainerItemProxy */;
		};
		6154C80E2FD6BA5F002B6F51 /* PBXTargetDependency */ = {
			isa = PBXTargetDependency;
			target = 6154C7EE2FD6BA5D002B6F51 /* SNUECafeteriaProjectWatchApp Watch App */;
			targetProxy = 6154C80D2FD6BA5F002B6F51 /* PBXContainerItemProxy */;
		};
		61A789902F9F3DA300F135BB /* PBXTargetDependency */ = {
			isa = PBXTargetDependency;
			target = 61A7897E2F9F3DA000F135BB /* SNUECafeteriaProject */;
			targetProxy = 61A7898F2F9F3DA300F135BB /* PBXContainerItemProxy */;
		};
		61A7899A2F9F3DA300F135BB /* PBXTargetDependency */ = {
			isa = PBXTargetDependency;
			target = 61A7897E2F9F3DA000F135BB /* SNUECafeteriaProject */;
			targetProxy = 61A789992F9F3DA300F135BB /* PBXContainerItemProxy */;
		};
		61C3BF6D2FBADF43005C6C3B /* PBXTargetDependency */ = {
			isa = PBXTargetDependency;
			target = 61C3BF602FBADF42005C6C3B /* SNUECafeteriaWidgetExtension */;
			targetProxy = 61C3BF6C2FBADF43005C6C3B /* PBXContainerItemProxy */;
		};
/* End PBXTargetDependency section */

/* Begin XCBuildConfiguration section */
		6154C8112FD6BA5F002B6F51 /* Debug */ = {
			isa = XCBuildConfiguration;
			buildSettings = {
				ASSETCATALOG_COMPILER_APPICON_NAME = AppIcon;
				ASSETCATALOG_COMPILER_GLOBAL_ACCENT_COLOR_NAME = AccentColor;
				CODE_SIGN_ENTITLEMENTS = "SNUECafeteriaProjectWatchApp Watch App/SNUECafeteriaProjectWatchApp.entitlements";
				CODE_SIGN_STYLE = Automatic;
				CURRENT_PROJECT_VERSION = 1;
				DEVELOPMENT_TEAM = 44HRTG996V;
				ENABLE_DEBUG_DYLIB = NO;
				ENABLE_PREVIEWS = YES;
				GENERATE_INFOPLIST_FILE = YES;
				INFOPLIST_KEY_CFBundleDisplayName = "교대학식";
				INFOPLIST_KEY_CFBundleIconName = AppIcon;
				INFOPLIST_KEY_UISupportedInterfaceOrientations = "UIInterfaceOrientationPortrait UIInterfaceOrientationPortraitUpsideDown";
				INFOPLIST_KEY_WKCompanionAppBundleIdentifier = com.deblurlab.SNUECafeteriaProject;
				LD_RUNPATH_SEARCH_PATHS = (
					"$(inherited)",
					"@executable_path/Frameworks",
				);
				MARKETING_VERSION = 1.0;
				PRODUCT_BUNDLE_IDENTIFIER = com.deblurlab.SNUECafeteriaProject.watchkitapp;
				PRODUCT_NAME = SNUECafeteriaWatch;
				SDKROOT = watchos;
				SKIP_INSTALL = YES;
				STRING_CATALOG_GENERATE_SYMBOLS = YES;
				SWIFT_APPROACHABLE_CONCURRENCY = YES;
				SWIFT_DEFAULT_ACTOR_ISOLATION = MainActor;
				SWIFT_EMIT_LOC_STRINGS = YES;
				SWIFT_UPCOMING_FEATURE_MEMBER_IMPORT_VISIBILITY = YES;
				SWIFT_VERSION = 5.0;
				TARGETED_DEVICE_FAMILY = 4;
				WATCHOS_DEPLOYMENT_TARGET = 11.0;
			};
			name = Debug;
		};
		6154C8122FD6BA5F002B6F51 /* Release */ = {
			isa = XCBuildConfiguration;
			buildSettings = {
				ASSETCATALOG_COMPILER_APPICON_NAME = AppIcon;
				ASSETCATALOG_COMPILER_GLOBAL_ACCENT_COLOR_NAME = AccentColor;
				CODE_SIGN_ENTITLEMENTS = "SNUECafeteriaProjectWatchApp Watch App/SNUECafeteriaProjectWatchApp.entitlements";
				CODE_SIGN_STYLE = Automatic;
				CURRENT_PROJECT_VERSION = 1;
				DEVELOPMENT_TEAM = 44HRTG996V;
				ENABLE_DEBUG_DYLIB = NO;
				ENABLE_PREVIEWS = YES;
				GENERATE_INFOPLIST_FILE = YES;
				INFOPLIST_KEY_CFBundleDisplayName = "교대학식";
				INFOPLIST_KEY_CFBundleIconName = AppIcon;
				INFOPLIST_KEY_UISupportedInterfaceOrientations = "UIInterfaceOrientationPortrait UIInterfaceOrientationPortraitUpsideDown";
				INFOPLIST_KEY_WKCompanionAppBundleIdentifier = com.deblurlab.SNUECafeteriaProject;
				LD_RUNPATH_SEARCH_PATHS = (
					"$(inherited)",
					"@executable_path/Frameworks",
				);
				MARKETING_VERSION = 1.0;
				PRODUCT_BUNDLE_IDENTIFIER = com.deblurlab.SNUECafeteriaProject.watchkitapp;
				PRODUCT_NAME = SNUECafeteriaWatch;
				SDKROOT = watchos;
				SKIP_INSTALL = YES;
				STRING_CATALOG_GENERATE_SYMBOLS = YES;
				SWIFT_APPROACHABLE_CONCURRENCY = YES;
				SWIFT_DEFAULT_ACTOR_ISOLATION = MainActor;
				SWIFT_EMIT_LOC_STRINGS = YES;
				SWIFT_UPCOMING_FEATURE_MEMBER_IMPORT_VISIBILITY = YES;
				SWIFT_VERSION = 5.0;
				TARGETED_DEVICE_FAMILY = 4;
				WATCHOS_DEPLOYMENT_TARGET = 11.0;
			};
			name = Release;
		};
		6154C8142FD6BA5F002B6F51 /* Debug */ = {
			isa = XCBuildConfiguration;
			buildSettings = {
				BUNDLE_LOADER = "$(TEST_HOST)";
				CODE_SIGN_STYLE = Automatic;
				CURRENT_PROJECT_VERSION = 1;
				DEVELOPMENT_TEAM = 44HRTG996V;
				GENERATE_INFOPLIST_FILE = YES;
				MARKETING_VERSION = 1.0;
				PRODUCT_BUNDLE_IDENTIFIER = "com.deblurlab.SNUECafeteriaProjectWatchApp-Watch-AppTests";
				PRODUCT_NAME = "$(TARGET_NAME)";
				SDKROOT = watchos;
				STRING_CATALOG_GENERATE_SYMBOLS = NO;
				SWIFT_APPROACHABLE_CONCURRENCY = YES;
				SWIFT_EMIT_LOC_STRINGS = NO;
				SWIFT_UPCOMING_FEATURE_MEMBER_IMPORT_VISIBILITY = YES;
				SWIFT_VERSION = 5.0;
				TARGETED_DEVICE_FAMILY = 4;
				TEST_HOST = "$(BUILT_PRODUCTS_DIR)/SNUECafeteriaWatch.app/$(BUNDLE_EXECUTABLE_FOLDER_PATH)/SNUECafeteriaWatch";
				WATCHOS_DEPLOYMENT_TARGET = 26.4;
			};
			name = Debug;
		};
		6154C8152FD6BA5F002B6F51 /* Release */ = {
			isa = XCBuildConfiguration;
			buildSettings = {
				BUNDLE_LOADER = "$(TEST_HOST)";
				CODE_SIGN_STYLE = Automatic;
				CURRENT_PROJECT_VERSION = 1;
				DEVELOPMENT_TEAM = 44HRTG996V;
				GENERATE_INFOPLIST_FILE = YES;
				MARKETING_VERSION = 1.0;
				PRODUCT_BUNDLE_IDENTIFIER = "com.deblurlab.SNUECafeteriaProjectWatchApp-Watch-AppTests";
				PRODUCT_NAME = "$(TARGET_NAME)";
				SDKROOT = watchos;
				STRING_CATALOG_GENERATE_SYMBOLS = NO;
				SWIFT_APPROACHABLE_CONCURRENCY = YES;
				SWIFT_EMIT_LOC_STRINGS = NO;
				SWIFT_UPCOMING_FEATURE_MEMBER_IMPORT_VISIBILITY = YES;
				SWIFT_VERSION = 5.0;
				TARGETED_DEVICE_FAMILY = 4;
				TEST_HOST = "$(BUILT_PRODUCTS_DIR)/SNUECafeteriaWatch.app/$(BUNDLE_EXECUTABLE_FOLDER_PATH)/SNUECafeteriaWatch";
				WATCHOS_DEPLOYMENT_TARGET = 26.4;
			};
			name = Release;
		};
		6154C8172FD6BA5F002B6F51 /* Debug */ = {
			isa = XCBuildConfiguration;
			buildSettings = {
				CODE_SIGN_STYLE = Automatic;
				CURRENT_PROJECT_VERSION = 1;
				DEVELOPMENT_TEAM = 44HRTG996V;
				GENERATE_INFOPLIST_FILE = YES;
				MARKETING_VERSION = 1.0;
				PRODUCT_BUNDLE_IDENTIFIER = "com.deblurlab.SNUECafeteriaProjectWatchApp-Watch-AppUITests";
				PRODUCT_NAME = "$(TARGET_NAME)";
				SDKROOT = watchos;
				STRING_CATALOG_GENERATE_SYMBOLS = NO;
				SWIFT_APPROACHABLE_CONCURRENCY = YES;
				SWIFT_EMIT_LOC_STRINGS = NO;
				SWIFT_UPCOMING_FEATURE_MEMBER_IMPORT_VISIBILITY = YES;
				SWIFT_VERSION = 5.0;
				TARGETED_DEVICE_FAMILY = 4;
				TEST_TARGET_NAME = "SNUECafeteriaProjectWatchApp Watch App";
				WATCHOS_DEPLOYMENT_TARGET = 26.4;
			};
			name = Debug;
		};
		6154C8182FD6BA5F002B6F51 /* Release */ = {
			isa = XCBuildConfiguration;
			buildSettings = {
				CODE_SIGN_STYLE = Automatic;
				CURRENT_PROJECT_VERSION = 1;
				DEVELOPMENT_TEAM = 44HRTG996V;
				GENERATE_INFOPLIST_FILE = YES;
				MARKETING_VERSION = 1.0;
				PRODUCT_BUNDLE_IDENTIFIER = "com.deblurlab.SNUECafeteriaProjectWatchApp-Watch-AppUITests";
				PRODUCT_NAME = "$(TARGET_NAME)";
				SDKROOT = watchos;
				STRING_CATALOG_GENERATE_SYMBOLS = NO;
				SWIFT_APPROACHABLE_CONCURRENCY = YES;
				SWIFT_EMIT_LOC_STRINGS = NO;
				SWIFT_UPCOMING_FEATURE_MEMBER_IMPORT_VISIBILITY = YES;
				SWIFT_VERSION = 5.0;
				TARGETED_DEVICE_FAMILY = 4;
				TEST_TARGET_NAME = "SNUECafeteriaProjectWatchApp Watch App";
				WATCHOS_DEPLOYMENT_TARGET = 26.4;
			};
			name = Release;
		};
		61A789A02F9F3DA300F135BB /* Debug */ = {
			isa = XCBuildConfiguration;
			buildSettings = {
				ALWAYS_SEARCH_USER_PATHS = NO;
				ASSETCATALOG_COMPILER_GENERATE_SWIFT_ASSET_SYMBOL_EXTENSIONS = YES;
				CLANG_ANALYZER_NONNULL = YES;
				CLANG_ANALYZER_NUMBER_OBJECT_CONVERSION = YES_AGGRESSIVE;
				CLANG_CXX_LANGUAGE_STANDARD = "gnu++20";
				CLANG_ENABLE_MODULES = YES;
				CLANG_ENABLE_OBJC_ARC = YES;
				CLANG_ENABLE_OBJC_WEAK = YES;
				CLANG_WARN_BLOCK_CAPTURE_AUTORELEASING = YES;
				CLANG_WARN_BOOL_CONVERSION = YES;
				CLANG_WARN_COMMA = YES;
				CLANG_WARN_CONSTANT_CONVERSION = YES;
				CLANG_WARN_DEPRECATED_OBJC_IMPLEMENTATIONS = YES;
				CLANG_WARN_DIRECT_OBJC_ISA_USAGE = YES_ERROR;
				CLANG_WARN_DOCUMENTATION_COMMENTS = YES;
				CLANG_WARN_EMPTY_BODY = YES;
				CLANG_WARN_ENUM_CONVERSION = YES;
				CLANG_WARN_INFINITE_RECURSION = YES;
				CLANG_WARN_INT_CONVERSION = YES;
				CLANG_WARN_NON_LITERAL_NULL_CONVERSION = YES;
				CLANG_WARN_OBJC_IMPLICIT_RETAIN_SELF = YES;
				CLANG_WARN_OBJC_LITERAL_CONVERSION = YES;
				CLANG_WARN_OBJC_ROOT_CLASS = YES_ERROR;
				CLANG_WARN_QUOTED_INCLUDE_IN_FRAMEWORK_HEADER = YES;
				CLANG_WARN_RANGE_LOOP_ANALYSIS = YES;
				CLANG_WARN_STRICT_PROTOTYPES = YES;
				CLANG_WARN_SUSPICIOUS_MOVE = YES;
				CLANG_WARN_UNGUARDED_AVAILABILITY = YES_AGGRESSIVE;
				CLANG_WARN_UNREACHABLE_CODE = YES;
				CLANG_WARN__DUPLICATE_METHOD_MATCH = YES;
				COPY_PHASE_STRIP = NO;
				DEBUG_INFORMATION_FORMAT = dwarf;
				DEVELOPMENT_TEAM = 44HRTG996V;
				ENABLE_STRICT_OBJC_MSGSEND = YES;
				ENABLE_TESTABILITY = YES;
				ENABLE_USER_SCRIPT_SANDBOXING = YES;
				GCC_C_LANGUAGE_STANDARD = gnu17;
				GCC_DYNAMIC_NO_PIC = NO;
				GCC_NO_COMMON_BLOCKS = YES;
				GCC_OPTIMIZATION_LEVEL = 0;
				GCC_PREPROCESSOR_DEFINITIONS = (
					"DEBUG=1",
					"$(inherited)",
				);
				GCC_WARN_64_TO_32_BIT_CONVERSION = YES;
				GCC_WARN_ABOUT_RETURN_TYPE = YES_ERROR;
				GCC_WARN_UNDECLARED_SELECTOR = YES;
				GCC_WARN_UNINITIALIZED_AUTOS = YES_AGGRESSIVE;
				GCC_WARN_UNUSED_FUNCTION = YES;
				GCC_WARN_UNUSED_VARIABLE = YES;
				IPHONEOS_DEPLOYMENT_TARGET = 26.4;
				LOCALIZATION_PREFERS_STRING_CATALOGS = YES;
				MTL_ENABLE_DEBUG_INFO = INCLUDE_SOURCE;
				MTL_FAST_MATH = YES;
				ONLY_ACTIVE_ARCH = YES;
				SDKROOT = iphoneos;
				SWIFT_ACTIVE_COMPILATION_CONDITIONS = "DEBUG $(inherited)";
				SWIFT_OPTIMIZATION_LEVEL = "-Onone";
			};
			name = Debug;
		};
		61A789A12F9F3DA300F135BB /* Release */ = {
			isa = XCBuildConfiguration;
			buildSettings = {
				ALWAYS_SEARCH_USER_PATHS = NO;
				ASSETCATALOG_COMPILER_GENERATE_SWIFT_ASSET_SYMBOL_EXTENSIONS = YES;
				CLANG_ANALYZER_NONNULL = YES;
				CLANG_ANALYZER_NUMBER_OBJECT_CONVERSION = YES_AGGRESSIVE;
				CLANG_CXX_LANGUAGE_STANDARD = "gnu++20";
				CLANG_ENABLE_MODULES = YES;
				CLANG_ENABLE_OBJC_ARC = YES;
				CLANG_ENABLE_OBJC_WEAK = YES;
				CLANG_WARN_BLOCK_CAPTURE_AUTORELEASING = YES;
				CLANG_WARN_BOOL_CONVERSION = YES;
				CLANG_WARN_COMMA = YES;
				CLANG_WARN_CONSTANT_CONVERSION = YES;
				CLANG_WARN_DEPRECATED_OBJC_IMPLEMENTATIONS = YES;
				CLANG_WARN_DIRECT_OBJC_ISA_USAGE = YES_ERROR;
				CLANG_WARN_DOCUMENTATION_COMMENTS = YES;
				CLANG_WARN_EMPTY_BODY = YES;
				CLANG_WARN_ENUM_CONVERSION = YES;
				CLANG_WARN_INFINITE_RECURSION = YES;
				CLANG_WARN_INT_CONVERSION = YES;
				CLANG_WARN_NON_LITERAL_NULL_CONVERSION = YES;
				CLANG_WARN_OBJC_IMPLICIT_RETAIN_SELF = YES;
				CLANG_WARN_OBJC_LITERAL_CONVERSION = YES;
				CLANG_WARN_OBJC_ROOT_CLASS = YES_ERROR;
				CLANG_WARN_QUOTED_INCLUDE_IN_FRAMEWORK_HEADER = YES;
				CLANG_WARN_RANGE_LOOP_ANALYSIS = YES;
				CLANG_WARN_STRICT_PROTOTYPES = YES;
				CLANG_WARN_SUSPICIOUS_MOVE = YES;
				CLANG_WARN_UNGUARDED_AVAILABILITY = YES_AGGRESSIVE;
				CLANG_WARN_UNREACHABLE_CODE = YES;
				CLANG_WARN__DUPLICATE_METHOD_MATCH = YES;
				COPY_PHASE_STRIP = NO;
				DEBUG_INFORMATION_FORMAT = "dwarf-with-dsym";
				DEVELOPMENT_TEAM = 44HRTG996V;
				ENABLE_NS_ASSERTIONS = NO;
				ENABLE_STRICT_OBJC_MSGSEND = YES;
				ENABLE_USER_SCRIPT_SANDBOXING = YES;
				GCC_C_LANGUAGE_STANDARD = gnu17;
				GCC_NO_COMMON_BLOCKS = YES;
				GCC_WARN_64_TO_32_BIT_CONVERSION = YES;
				GCC_WARN_ABOUT_RETURN_TYPE = YES_ERROR;
				GCC_WARN_UNDECLARED_SELECTOR = YES;
				GCC_WARN_UNINITIALIZED_AUTOS = YES_AGGRESSIVE;
				GCC_WARN_UNUSED_FUNCTION = YES;
				GCC_WARN_UNUSED_VARIABLE = YES;
				IPHONEOS_DEPLOYMENT_TARGET = 26.4;
				LOCALIZATION_PREFERS_STRING_CATALOGS = YES;
				MTL_ENABLE_DEBUG_INFO = NO;
				MTL_FAST_MATH = YES;
				SDKROOT = iphoneos;
				SWIFT_COMPILATION_MODE = wholemodule;
				VALIDATE_PRODUCT = YES;
			};
			name = Release;
		};
		61A789A32F9F3DA300F135BB /* Debug */ = {
			isa = XCBuildConfiguration;
			buildSettings = {
				ASSETCATALOG_COMPILER_APPICON_NAME = AppIcon;
				ASSETCATALOG_COMPILER_GLOBAL_ACCENT_COLOR_NAME = AccentColor;
				CODE_SIGN_ENTITLEMENTS = SNUECafeteriaProject/SNUECafeteriaProject.entitlements;
				CODE_SIGN_STYLE = Automatic;
				CURRENT_PROJECT_VERSION = 1;
				DEVELOPMENT_TEAM = 44HRTG996V;
				ENABLE_PREVIEWS = YES;
				ENABLE_USER_SCRIPT_SANDBOXING = NO;
				GENERATE_INFOPLIST_FILE = YES;
				INFOPLIST_FILE = SNUECafeteriaProject/Info.plist;
				INFOPLIST_KEY_CFBundleDisplayName = "교대학식";
				INFOPLIST_KEY_LSApplicationCategoryType = "public.app-category.lifestyle";
				INFOPLIST_KEY_UIApplicationSceneManifest_Generation = YES;
				INFOPLIST_KEY_UIApplicationSupportsIndirectInputEvents = YES;
				INFOPLIST_KEY_UILaunchStoryboardName = "";
				INFOPLIST_KEY_UISupportedInterfaceOrientations_iPad = "UIInterfaceOrientationPortrait UIInterfaceOrientationPortraitUpsideDown UIInterfaceOrientationLandscapeLeft UIInterfaceOrientationLandscapeRight";
				INFOPLIST_KEY_UISupportedInterfaceOrientations_iPhone = "UIInterfaceOrientationPortrait UIInterfaceOrientationLandscapeLeft UIInterfaceOrientationLandscapeRight";
				IPHONEOS_DEPLOYMENT_TARGET = 18.0;
				LD_RUNPATH_SEARCH_PATHS = (
					"$(inherited)",
					"@executable_path/Frameworks",
				);
				MARKETING_VERSION = 1.0;
				PRODUCT_BUNDLE_IDENTIFIER = com.deblurlab.SNUECafeteriaProject;
				PRODUCT_NAME = "$(TARGET_NAME)";
				STRING_CATALOG_GENERATE_SYMBOLS = YES;
				SWIFT_APPROACHABLE_CONCURRENCY = YES;
				SWIFT_DEFAULT_ACTOR_ISOLATION = MainActor;
				SWIFT_EMIT_LOC_STRINGS = YES;
				SWIFT_STRICT_CONCURRENCY = complete;
				SWIFT_UPCOMING_FEATURE_MEMBER_IMPORT_VISIBILITY = YES;
				SWIFT_VERSION = 6.0;
				TARGETED_DEVICE_FAMILY = "1,2";
			};
			name = Debug;
		};
		61A789A42F9F3DA300F135BB /* Release */ = {
			isa = XCBuildConfiguration;
			buildSettings = {
				ASSETCATALOG_COMPILER_APPICON_NAME = AppIcon;
				ASSETCATALOG_COMPILER_GLOBAL_ACCENT_COLOR_NAME = AccentColor;
				CODE_SIGN_ENTITLEMENTS = SNUECafeteriaProject/SNUECafeteriaProject.entitlements;
				CODE_SIGN_STYLE = Automatic;
				CURRENT_PROJECT_VERSION = 1;
				DEVELOPMENT_TEAM = 44HRTG996V;
				ENABLE_PREVIEWS = YES;
				ENABLE_USER_SCRIPT_SANDBOXING = NO;
				GENERATE_INFOPLIST_FILE = YES;
				INFOPLIST_FILE = SNUECafeteriaProject/Info.plist;
				INFOPLIST_KEY_CFBundleDisplayName = "교대학식";
				INFOPLIST_KEY_LSApplicationCategoryType = "public.app-category.lifestyle";
				INFOPLIST_KEY_UIApplicationSceneManifest_Generation = YES;
				INFOPLIST_KEY_UIApplicationSupportsIndirectInputEvents = YES;
				INFOPLIST_KEY_UILaunchStoryboardName = "";
				INFOPLIST_KEY_UISupportedInterfaceOrientations_iPad = "UIInterfaceOrientationPortrait UIInterfaceOrientationPortraitUpsideDown UIInterfaceOrientationLandscapeLeft UIInterfaceOrientationLandscapeRight";
				INFOPLIST_KEY_UISupportedInterfaceOrientations_iPhone = "UIInterfaceOrientationPortrait UIInterfaceOrientationLandscapeLeft UIInterfaceOrientationLandscapeRight";
				IPHONEOS_DEPLOYMENT_TARGET = 18.0;
				LD_RUNPATH_SEARCH_PATHS = (
					"$(inherited)",
					"@executable_path/Frameworks",
				);
				MARKETING_VERSION = 1.0;
				PRODUCT_BUNDLE_IDENTIFIER = com.deblurlab.SNUECafeteriaProject;
				PRODUCT_NAME = "$(TARGET_NAME)";
				STRING_CATALOG_GENERATE_SYMBOLS = YES;
				SWIFT_APPROACHABLE_CONCURRENCY = YES;
				SWIFT_DEFAULT_ACTOR_ISOLATION = MainActor;
				SWIFT_EMIT_LOC_STRINGS = YES;
				SWIFT_STRICT_CONCURRENCY = complete;
				SWIFT_UPCOMING_FEATURE_MEMBER_IMPORT_VISIBILITY = YES;
				SWIFT_VERSION = 6.0;
				TARGETED_DEVICE_FAMILY = "1,2";
			};
			name = Release;
		};
		61A789A62F9F3DA300F135BB /* Debug */ = {
			isa = XCBuildConfiguration;
			buildSettings = {
				BUNDLE_LOADER = "$(TEST_HOST)";
				CODE_SIGN_STYLE = Automatic;
				CURRENT_PROJECT_VERSION = 1;
				DEVELOPMENT_TEAM = 44HRTG996V;
				GENERATE_INFOPLIST_FILE = YES;
				IPHONEOS_DEPLOYMENT_TARGET = 26.4;
				MARKETING_VERSION = 1.0;
				PRODUCT_BUNDLE_IDENTIFIER = com.deblurlab.SNUECafeteriaProjectTests;
				PRODUCT_NAME = "$(TARGET_NAME)";
				STRING_CATALOG_GENERATE_SYMBOLS = NO;
				SWIFT_APPROACHABLE_CONCURRENCY = YES;
				SWIFT_EMIT_LOC_STRINGS = NO;
				SWIFT_UPCOMING_FEATURE_MEMBER_IMPORT_VISIBILITY = YES;
				SWIFT_VERSION = 5.0;
				TARGETED_DEVICE_FAMILY = "1,2";
				TEST_HOST = "$(BUILT_PRODUCTS_DIR)/SNUECafeteriaProject.app/$(BUNDLE_EXECUTABLE_FOLDER_PATH)/SNUECafeteriaProject";
			};
			name = Debug;
		};
		61A789A72F9F3DA300F135BB /* Release */ = {
			isa = XCBuildConfiguration;
			buildSettings = {
				BUNDLE_LOADER = "$(TEST_HOST)";
				CODE_SIGN_STYLE = Automatic;
				CURRENT_PROJECT_VERSION = 1;
				DEVELOPMENT_TEAM = 44HRTG996V;
				GENERATE_INFOPLIST_FILE = YES;
				IPHONEOS_DEPLOYMENT_TARGET = 26.4;
				MARKETING_VERSION = 1.0;
				PRODUCT_BUNDLE_IDENTIFIER = com.deblurlab.SNUECafeteriaProjectTests;
				PRODUCT_NAME = "$(TARGET_NAME)";
				STRING_CATALOG_GENERATE_SYMBOLS = NO;
				SWIFT_APPROACHABLE_CONCURRENCY = YES;
				SWIFT_EMIT_LOC_STRINGS = NO;
				SWIFT_UPCOMING_FEATURE_MEMBER_IMPORT_VISIBILITY = YES;
				SWIFT_VERSION = 5.0;
				TARGETED_DEVICE_FAMILY = "1,2";
				TEST_HOST = "$(BUILT_PRODUCTS_DIR)/SNUECafeteriaProject.app/$(BUNDLE_EXECUTABLE_FOLDER_PATH)/SNUECafeteriaProject";
			};
			name = Release;
		};
		61A789A92F9F3DA300F135BB /* Debug */ = {
			isa = XCBuildConfiguration;
			buildSettings = {
				CODE_SIGN_STYLE = Automatic;
				CURRENT_PROJECT_VERSION = 1;
				DEVELOPMENT_TEAM = 44HRTG996V;
				GENERATE_INFOPLIST_FILE = YES;
				MARKETING_VERSION = 1.0;
				PRODUCT_BUNDLE_IDENTIFIER = com.deblurlab.SNUECafeteriaProjectUITests;
				PRODUCT_NAME = "$(TARGET_NAME)";
				STRING_CATALOG_GENERATE_SYMBOLS = NO;
				SWIFT_APPROACHABLE_CONCURRENCY = YES;
				SWIFT_EMIT_LOC_STRINGS = NO;
				SWIFT_UPCOMING_FEATURE_MEMBER_IMPORT_VISIBILITY = YES;
				SWIFT_VERSION = 5.0;
				TARGETED_DEVICE_FAMILY = "1,2";
				TEST_TARGET_NAME = SNUECafeteriaProject;
			};
			name = Debug;
		};
		61A789AA2F9F3DA300F135BB /* Release */ = {
			isa = XCBuildConfiguration;
			buildSettings = {
				CODE_SIGN_STYLE = Automatic;
				CURRENT_PROJECT_VERSION = 1;
				DEVELOPMENT_TEAM = 44HRTG996V;
				GENERATE_INFOPLIST_FILE = YES;
				MARKETING_VERSION = 1.0;
				PRODUCT_BUNDLE_IDENTIFIER = com.deblurlab.SNUECafeteriaProjectUITests;
				PRODUCT_NAME = "$(TARGET_NAME)";
				STRING_CATALOG_GENERATE_SYMBOLS = NO;
				SWIFT_APPROACHABLE_CONCURRENCY = YES;
				SWIFT_EMIT_LOC_STRINGS = NO;
				SWIFT_UPCOMING_FEATURE_MEMBER_IMPORT_VISIBILITY = YES;
				SWIFT_VERSION = 5.0;
				TARGETED_DEVICE_FAMILY = "1,2";
				TEST_TARGET_NAME = SNUECafeteriaProject;
			};
			name = Release;
		};
		61C3BF702FBADF43005C6C3B /* Debug */ = {
			isa = XCBuildConfiguration;
			buildSettings = {
				ASSETCATALOG_COMPILER_GLOBAL_ACCENT_COLOR_NAME = AccentColor;
				ASSETCATALOG_COMPILER_WIDGET_BACKGROUND_COLOR_NAME = WidgetBackground;
				CODE_SIGN_ENTITLEMENTS = SNUECafeteriaWidgetExtension.entitlements;
				CODE_SIGN_STYLE = Automatic;
				CURRENT_PROJECT_VERSION = 1;
				DEVELOPMENT_TEAM = 44HRTG996V;
				GENERATE_INFOPLIST_FILE = YES;
				INFOPLIST_FILE = SNUECafeteriaWidget/Info.plist;
				INFOPLIST_KEY_CFBundleDisplayName = SNUECafeteriaWidget;
				INFOPLIST_KEY_NSHumanReadableCopyright = "";
				LD_RUNPATH_SEARCH_PATHS = (
					"$(inherited)",
					"@executable_path/Frameworks",
					"@executable_path/../../Frameworks",
				);
				MARKETING_VERSION = 1.0;
				PRODUCT_BUNDLE_IDENTIFIER = com.deblurlab.SNUECafeteriaProject.SNUECafeteriaWidget;
				PRODUCT_NAME = "$(TARGET_NAME)";
				SKIP_INSTALL = YES;
				STRING_CATALOG_GENERATE_SYMBOLS = YES;
				SWIFT_APPROACHABLE_CONCURRENCY = YES;
				SWIFT_EMIT_LOC_STRINGS = YES;
				SWIFT_UPCOMING_FEATURE_MEMBER_IMPORT_VISIBILITY = YES;
				SWIFT_VERSION = 5.0;
				TARGETED_DEVICE_FAMILY = "1,2";
			};
			name = Debug;
		};
		61C3BF712FBADF43005C6C3B /* Release */ = {
			isa = XCBuildConfiguration;
			buildSettings = {
				ASSETCATALOG_COMPILER_GLOBAL_ACCENT_COLOR_NAME = AccentColor;
				ASSETCATALOG_COMPILER_WIDGET_BACKGROUND_COLOR_NAME = WidgetBackground;
				CODE_SIGN_ENTITLEMENTS = SNUECafeteriaWidgetExtension.entitlements;
				CODE_SIGN_STYLE = Automatic;
				CURRENT_PROJECT_VERSION = 1;
				DEVELOPMENT_TEAM = 44HRTG996V;
				GENERATE_INFOPLIST_FILE = YES;
				INFOPLIST_FILE = SNUECafeteriaWidget/Info.plist;
				INFOPLIST_KEY_CFBundleDisplayName = SNUECafeteriaWidget;
				INFOPLIST_KEY_NSHumanReadableCopyright = "";
				LD_RUNPATH_SEARCH_PATHS = (
					"$(inherited)",
					"@executable_path/Frameworks",
					"@executable_path/../../Frameworks",
				);
				MARKETING_VERSION = 1.0;
				PRODUCT_BUNDLE_IDENTIFIER = com.deblurlab.SNUECafeteriaProject.SNUECafeteriaWidget;
				PRODUCT_NAME = "$(TARGET_NAME)";
				SKIP_INSTALL = YES;
				STRING_CATALOG_GENERATE_SYMBOLS = YES;
				SWIFT_APPROACHABLE_CONCURRENCY = YES;
				SWIFT_EMIT_LOC_STRINGS = YES;
				SWIFT_UPCOMING_FEATURE_MEMBER_IMPORT_VISIBILITY = YES;
				SWIFT_VERSION = 5.0;
				TARGETED_DEVICE_FAMILY = "1,2";
			};
			name = Release;
		};
/* End XCBuildConfiguration section */

/* Begin XCConfigurationList section */
		6154C8102FD6BA5F002B6F51 /* Build configuration list for PBXNativeTarget "SNUECafeteriaProjectWatchApp Watch App" */ = {
			isa = XCConfigurationList;
			buildConfigurations = (
				6154C8112FD6BA5F002B6F51 /* Debug */,
				6154C8122FD6BA5F002B6F51 /* Release */,
			);
			defaultConfigurationIsVisible = 0;
			defaultConfigurationName = Release;
		};
		6154C8132FD6BA5F002B6F51 /* Build configuration list for PBXNativeTarget "SNUECafeteriaProjectWatchApp Watch AppTests" */ = {
			isa = XCConfigurationList;
			buildConfigurations = (
				6154C8142FD6BA5F002B6F51 /* Debug */,
				6154C8152FD6BA5F002B6F51 /* Release */,
			);
			defaultConfigurationIsVisible = 0;
			defaultConfigurationName = Release;
		};
		6154C8162FD6BA5F002B6F51 /* Build configuration list for PBXNativeTarget "SNUECafeteriaProjectWatchApp Watch AppUITests" */ = {
			isa = XCConfigurationList;
			buildConfigurations = (
				6154C8172FD6BA5F002B6F51 /* Debug */,
				6154C8182FD6BA5F002B6F51 /* Release */,
			);
			defaultConfigurationIsVisible = 0;
			defaultConfigurationName = Release;
		};
		61A7897A2F9F3DA000F135BB /* Build configuration list for PBXProject "SNUECafeteriaProject" */ = {
			isa = XCConfigurationList;
			buildConfigurations = (
				61A789A02F9F3DA300F135BB /* Debug */,
				61A789A12F9F3DA300F135BB /* Release */,
			);
			defaultConfigurationIsVisible = 0;
			defaultConfigurationName = Release;
		};
		61A789A22F9F3DA300F135BB /* Build configuration list for PBXNativeTarget "SNUECafeteriaProject" */ = {
			isa = XCConfigurationList;
			buildConfigurations = (
				61A789A32F9F3DA300F135BB /* Debug */,
				61A789A42F9F3DA300F135BB /* Release */,
			);
			defaultConfigurationIsVisible = 0;
			defaultConfigurationName = Release;
		};
		61A789A52F9F3DA300F135BB /* Build configuration list for PBXNativeTarget "SNUECafeteriaProjectTests" */ = {
			isa = XCConfigurationList;
			buildConfigurations = (
				61A789A62F9F3DA300F135BB /* Debug */,
				61A789A72F9F3DA300F135BB /* Release */,
			);
			defaultConfigurationIsVisible = 0;
			defaultConfigurationName = Release;
		};
		61A789A82F9F3DA300F135BB /* Build configuration list for PBXNativeTarget "SNUECafeteriaProjectUITests" */ = {
			isa = XCConfigurationList;
			buildConfigurations = (
				61A789A92F9F3DA300F135BB /* Debug */,
				61A789AA2F9F3DA300F135BB /* Release */,
			);
			defaultConfigurationIsVisible = 0;
			defaultConfigurationName = Release;
		};
		61C3BF6F2FBADF43005C6C3B /* Build configuration list for PBXNativeTarget "SNUECafeteriaWidgetExtension" */ = {
			isa = XCConfigurationList;
			buildConfigurations = (
				61C3BF702FBADF43005C6C3B /* Debug */,
				61C3BF712FBADF43005C6C3B /* Release */,
			);
			defaultConfigurationIsVisible = 0;
			defaultConfigurationName = Release;
		};
/* End XCConfigurationList section */

/* Begin XCRemoteSwiftPackageReference section */
		61F8BA012FA19C490061EA46 /* XCRemoteSwiftPackageReference "firebase-ios-sdk" */ = {
			isa = XCRemoteSwiftPackageReference;
			repositoryURL = "https://github.com/firebase/firebase-ios-sdk.git";
			requirement = {
				kind = upToNextMajorVersion;
				minimumVersion = 12.12.1;
			};
		};
/* End XCRemoteSwiftPackageReference section */

/* Begin XCSwiftPackageProductDependency section */
		61F8BA022FA19C490061EA46 /* FirebaseAnalytics */ = {
			isa = XCSwiftPackageProductDependency;
			package = 61F8BA012FA19C490061EA46 /* XCRemoteSwiftPackageReference "firebase-ios-sdk" */;
			productName = FirebaseAnalytics;
		};
		61F8BA042FA19C490061EA46 /* FirebaseCore */ = {
			isa = XCSwiftPackageProductDependency;
			package = 61F8BA012FA19C490061EA46 /* XCRemoteSwiftPackageReference "firebase-ios-sdk" */;
			productName = FirebaseCore;
		};
		61F8BA062FA19C490061EA46 /* FirebaseCrashlytics */ = {
			isa = XCSwiftPackageProductDependency;
			package = 61F8BA012FA19C490061EA46 /* XCRemoteSwiftPackageReference "firebase-ios-sdk" */;
			productName = FirebaseCrashlytics;
		};
		61F8BA082FA19C490061EA46 /* FirebaseFirestore */ = {
			isa = XCSwiftPackageProductDependency;
			package = 61F8BA012FA19C490061EA46 /* XCRemoteSwiftPackageReference "firebase-ios-sdk" */;
			productName = FirebaseFirestore;
		};
		61F8BA0A2FA19C490061EA46 /* FirebaseFunctions */ = {
			isa = XCSwiftPackageProductDependency;
			package = 61F8BA012FA19C490061EA46 /* XCRemoteSwiftPackageReference "firebase-ios-sdk" */;
			productName = FirebaseFunctions;
		};
/* End XCSwiftPackageProductDependency section */
	};
	rootObject = 61A789772F9F3DA000F135BB /* Project object */;
}
